{
  "object": {
    "pins": [
      {
        "package": "Defaults",
        "repositoryURL": "https://github.com/sindresorhus/Defaults",
        "state": {
          "branch": null,
          "revision": "229dea452fee8d2205f56a12e5c21dfec00948f2",
          "version": "4.2.2"
        }
      },
      {
        "package": "SDWebImage",
        "repositoryURL": "https://github.com/SDWebImage/SDWebImage.git",
        "state": {
          "branch": null,
          "revision": "76dd4b49110b8624317fc128e7fa0d8a252018bc",
          "version": "5.11.1"
        }
      },
      {
        "package": "Xcore",
        "repositoryURL": "https://github.com/pawello2222/xcore.git",
        "state": {
          "branch": "phantomKit",
          "revision": "72dc53974285d707eb81b47fd42ef93648e6cbfc",
          "version": null
        }
      }
    ]
  },
  "version": 1
}
