{
  "pins" : [
    {
      "identity" : "appliable",
      "kind" : "remoteSourceControl",
      "location" : "https://github.com/pawello2222/Appliable",
      "state" : {
        "revision" : "50f954e537763911136ddd38e1900c5ca88e607b",
        "version" : "1.0.0"
      }
    }
  ],
  "version" : 2
}
