PODS:
  - SDWebImage (5.11.1):
    - SDWebImage/Core (= 5.11.1)
  - SDWebImage/Core (5.11.1)
  - SwiftGen (6.4.0)
  - Xcore (1.0.0):
    - SDWebImage

DEPENDENCIES:
  - SwiftGen (~> 6.0)
  - Xcore (from `https://github.com/pawello2222/xcore`, branch `phantomKit`)

SPEC REPOS:
  trunk:
    - SDWebImage
    - SwiftGen

EXTERNAL SOURCES:
  Xcore:
    :branch: phantomKit
    :git: https://github.com/pawello2222/xcore

CHECKOUT OPTIONS:
  Xcore:
    :commit: 4a291af195551bad63a756cdd41e597fc8f74772
    :git: https://github.com/pawello2222/xcore

SPEC CHECKSUMS:
  SDWebImage: a7f831e1a65eb5e285e3fb046a23fcfbf08e696d
  SwiftGen: 67860cc7c3cfc2ed25b9b74cfd55495fc89f9108
  Xcore: 632eae194fdb5ecdce6891e37a0cb4e0733314d2

PODFILE CHECKSUM: fbe11b379b87a5350da3c6458d44f7fa660bc552

COCOAPODS: 1.10.1
