PODS:
  - SDWebImage (5.11.0):
    - SDWebImage/Core (= 5.11.0)
  - SDWebImage/Core (5.11.0)
  - Xcore (1.0.0):
    - SDWebImage

DEPENDENCIES:
  - Xcore (from `https://github.com/zmian/xcore`)

SPEC REPOS:
  trunk:
    - SDWebImage

EXTERNAL SOURCES:
  Xcore:
    :git: https://github.com/zmian/xcore

CHECKOUT OPTIONS:
  Xcore:
    :commit: a8489259c491368656e56930adb83a91007e1eb8
    :git: https://github.com/zmian/xcore

SPEC CHECKSUMS:
  SDWebImage: 7acbb57630ac7db4a495547fb73916ff3e432f6b
  Xcore: 632eae194fdb5ecdce6891e37a0cb4e0733314d2

PODFILE CHECKSUM: 646adf64fabca441d95001e1da3775a477a8d539

COCOAPODS: 1.10.1
