// !$*UTF8*$!
{
	archiveVersion = 1;
	classes = {
	};
	objectVersion = 60;
	objects = {

/* Begin PBXBuildFile section */
		E5044F802A557DE4007E0150 /* PDFViewRepresentable.swift in Sources */ = {isa = PBXBuildFile; fileRef = E5044F7F2A557DE4007E0150 /* PDFViewRepresentable.swift */; };
		E521E210293C144000E7E865 /* View+Extensions.swift in Sources */ = {isa = PBXBuildFile; fileRef = E521E20F293C144000E7E865 /* View+Extensions.swift */; };
		E521E212293C179600E7E865 /* View+Alignment.swift in Sources */ = {isa = PBXBuildFile; fileRef = E521E211293C179600E7E865 /* View+Alignment.swift */; };
		E5328C762A3FC0300019F4A6 /* Date+Extensions.swift in Sources */ = {isa = PBXBuildFile; fileRef = E5328C752A3FC0300019F4A6 /* Date+Extensions.swift */; };
		E5328C7B2A404B8F0019F4A6 /* Comparable+Extensions.swift in Sources */ = {isa = PBXBuildFile; fileRef = E5328C7A2A404B8F0019F4A6 /* Comparable+Extensions.swift */; };
		E5328C7D2A4052CD0019F4A6 /* Appliable.swift in Sources */ = {isa = PBXBuildFile; fileRef = E5328C7C2A4052CD0019F4A6 /* Appliable.swift */; };
		E5328C812A4054CB0019F4A6 /* Equatable+Extensions.swift in Sources */ = {isa = PBXBuildFile; fileRef = E5328C802A4054CB0019F4A6 /* Equatable+Extensions.swift */; };
		E5328C832A4055D80019F4A6 /* Locale+Extensions.swift in Sources */ = {isa = PBXBuildFile; fileRef = E5328C822A4055D80019F4A6 /* Locale+Extensions.swift */; };
		E5328C852A40561A0019F4A6 /* Calendar+Extensions.swift in Sources */ = {isa = PBXBuildFile; fileRef = E5328C842A40561A0019F4A6 /* Calendar+Extensions.swift */; };
		E5328C872A40566E0019F4A6 /* TimeZone+Extensions.swift in Sources */ = {isa = PBXBuildFile; fileRef = E5328C862A40566E0019F4A6 /* TimeZone+Extensions.swift */; };
		E5328C8F2A406C6A0019F4A6 /* CGSize+Extensions.swift in Sources */ = {isa = PBXBuildFile; fileRef = E5328C8E2A406C6A0019F4A6 /* CGSize+Extensions.swift */; };
		E549C71C26475B89004388C4 /* libPhantomKit.a in Frameworks */ = {isa = PBXBuildFile; fileRef = E587B8A626430F4900F0F240 /* libPhantomKit.a */; };
		E549C72426475E05004388C4 /* Nimble in Frameworks */ = {isa = PBXBuildFile; productRef = E549C72326475E05004388C4 /* Nimble */; };
		E549C7272647CA7F004388C4 /* LocalizedFormatter.swift in Sources */ = {isa = PBXBuildFile; fileRef = E549C7262647CA7F004388C4 /* LocalizedFormatter.swift */; };
		E549C7292647CB00004388C4 /* DecimalFormatterTests.swift in Sources */ = {isa = PBXBuildFile; fileRef = E549C7282647CB00004388C4 /* DecimalFormatterTests.swift */; };
		E549C72C2647F4FA004388C4 /* NSDecimalNumber+Extensions.swift in Sources */ = {isa = PBXBuildFile; fileRef = E549C72A2647ED5F004388C4 /* NSDecimalNumber+Extensions.swift */; };
		E549C72F26484DFA004388C4 /* CurrencyFormatterTests.swift in Sources */ = {isa = PBXBuildFile; fileRef = E549C72E26484DFA004388C4 /* CurrencyFormatterTests.swift */; };
		E549C7312648515D004388C4 /* PercentFormatterTests.swift in Sources */ = {isa = PBXBuildFile; fileRef = E549C7302648515D004388C4 /* PercentFormatterTests.swift */; };
		E549C73626487C8A004388C4 /* LocalizedDateFormatter.swift in Sources */ = {isa = PBXBuildFile; fileRef = E549C73526487C8A004388C4 /* LocalizedDateFormatter.swift */; };
		E549C73A264895F4004388C4 /* DateFormatterTests.swift in Sources */ = {isa = PBXBuildFile; fileRef = E549C739264895F4004388C4 /* DateFormatterTests.swift */; };
		E55AB59B2649E9A5000D7441 /* String+Extensions.swift in Sources */ = {isa = PBXBuildFile; fileRef = E55AB59A2649E9A5000D7441 /* String+Extensions.swift */; };
		E5638AE8265D6DA100E73B05 /* ArrayTests.swift in Sources */ = {isa = PBXBuildFile; fileRef = E5638AE6265D6C9A00E73B05 /* ArrayTests.swift */; };
		E5638B18265E939C00E73B05 /* NSDecimalNumberTests.swift in Sources */ = {isa = PBXBuildFile; fileRef = E5638B16265E938800E73B05 /* NSDecimalNumberTests.swift */; };
		E5638B1E265EBABC00E73B05 /* SetTests.swift in Sources */ = {isa = PBXBuildFile; fileRef = E5638B1D265EBABC00E73B05 /* SetTests.swift */; };
		E5638B20265EBAC300E73B05 /* StringTests.swift in Sources */ = {isa = PBXBuildFile; fileRef = E5638B1F265EBAC300E73B05 /* StringTests.swift */; };
		E5638B22265EBADB00E73B05 /* ComparableTests.swift in Sources */ = {isa = PBXBuildFile; fileRef = E5638B21265EBADB00E73B05 /* ComparableTests.swift */; };
		E5638B24265EBDDF00E73B05 /* DateComponentsFormatterTests.swift in Sources */ = {isa = PBXBuildFile; fileRef = E5638B23265EBDDF00E73B05 /* DateComponentsFormatterTests.swift */; };
		E587B8FF26430FC900F0F240 /* Set+Extensions.swift in Sources */ = {isa = PBXBuildFile; fileRef = E587B8BF26430FC900F0F240 /* Set+Extensions.swift */; };
		E5888A8E26580FA600FC185E /* ByteCountFormatter+Extensions.swift in Sources */ = {isa = PBXBuildFile; fileRef = E5888A8D26580FA600FC185E /* ByteCountFormatter+Extensions.swift */; };
		E5888A9426581FFA00FC185E /* Binding+Extensions.swift in Sources */ = {isa = PBXBuildFile; fileRef = E5888A9326581FFA00FC185E /* Binding+Extensions.swift */; };
		E5888AAB265AB4BC00FC185E /* Image+Extensions.swift in Sources */ = {isa = PBXBuildFile; fileRef = E5888AAA265AB4BC00FC185E /* Image+Extensions.swift */; };
		E5ABD7602670238F00082241 /* SafariView.swift in Sources */ = {isa = PBXBuildFile; fileRef = E5ABD75F2670238F00082241 /* SafariView.swift */; };
		E5ABD7662672CA8100082241 /* ManagedEntity.swift in Sources */ = {isa = PBXBuildFile; fileRef = E5ABD7652672CA8100082241 /* ManagedEntity.swift */; };
		E5ABD7682672CAE400082241 /* PersistentStore.swift in Sources */ = {isa = PBXBuildFile; fileRef = E5ABD7672672CAE400082241 /* PersistentStore.swift */; };
		E5B996C52A4C6DE500ABD816 /* TimeInterval+Extensions.swift in Sources */ = {isa = PBXBuildFile; fileRef = E5B996C42A4C6DE500ABD816 /* TimeInterval+Extensions.swift */; };
		E5B9A8DF2A5634A2000D3CE7 /* LinkViewModifier.swift in Sources */ = {isa = PBXBuildFile; fileRef = E5B9A8DE2A5634A2000D3CE7 /* LinkViewModifier.swift */; };
		E5B9A8ED2A56CFEB000D3CE7 /* SheetViewModifier.swift in Sources */ = {isa = PBXBuildFile; fileRef = E5B9A8EC2A56CFEB000D3CE7 /* SheetViewModifier.swift */; };
		E5B9A8F32A56F430000D3CE7 /* MultiColumnList.swift in Sources */ = {isa = PBXBuildFile; fileRef = E5B9A8F22A56F430000D3CE7 /* MultiColumnList.swift */; };
		E5C7EBB2264C7F5100E74EEF /* LocalizedFormatter+Abbreviation.swift in Sources */ = {isa = PBXBuildFile; fileRef = E5C7EBB1264C7F5100E74EEF /* LocalizedFormatter+Abbreviation.swift */; };
		E5E7C4C8264995600045596E /* LocalizedFormatter+Sign.swift in Sources */ = {isa = PBXBuildFile; fileRef = E5E7C4C7264995600045596E /* LocalizedFormatter+Sign.swift */; };
		E5E7C4CA2649ADB00045596E /* LocalizedFormatter+Precision.swift in Sources */ = {isa = PBXBuildFile; fileRef = E5E7C4C92649ADB00045596E /* LocalizedFormatter+Precision.swift */; };
		E5FC0A6E2A51F383006B4DA3 /* Array+Extensions.swift in Sources */ = {isa = PBXBuildFile; fileRef = E5FC0A6D2A51F383006B4DA3 /* Array+Extensions.swift */; };
/* End PBXBuildFile section */

/* Begin PBXContainerItemProxy section */
		E549C71D26475B89004388C4 /* PBXContainerItemProxy */ = {
			isa = PBXContainerItemProxy;
			containerPortal = E587B89E26430F4900F0F240 /* Project object */;
			proxyType = 1;
			remoteGlobalIDString = E587B8A526430F4900F0F240;
			remoteInfo = PhantomKit;
		};
/* End PBXContainerItemProxy section */

/* Begin PBXCopyFilesBuildPhase section */
		E587B8A426430F4900F0F240 /* CopyFiles */ = {
			isa = PBXCopyFilesBuildPhase;
			buildActionMask = 2147483647;
			dstPath = "include/$(PRODUCT_NAME)";
			dstSubfolderSpec = 16;
			files = (
			);
			runOnlyForDeploymentPostprocessing = 0;
		};
/* End PBXCopyFilesBuildPhase section */

/* Begin PBXFileReference section */
		E5044F7F2A557DE4007E0150 /* PDFViewRepresentable.swift */ = {isa = PBXFileReference; lastKnownFileType = sourcecode.swift; path = PDFViewRepresentable.swift; sourceTree = "<group>"; };
		E521E20F293C144000E7E865 /* View+Extensions.swift */ = {isa = PBXFileReference; lastKnownFileType = sourcecode.swift; path = "View+Extensions.swift"; sourceTree = "<group>"; };
		E521E211293C179600E7E865 /* View+Alignment.swift */ = {isa = PBXFileReference; lastKnownFileType = sourcecode.swift; path = "View+Alignment.swift"; sourceTree = "<group>"; };
		E5328C752A3FC0300019F4A6 /* Date+Extensions.swift */ = {isa = PBXFileReference; lastKnownFileType = sourcecode.swift; path = "Date+Extensions.swift"; sourceTree = "<group>"; };
		E5328C7A2A404B8F0019F4A6 /* Comparable+Extensions.swift */ = {isa = PBXFileReference; lastKnownFileType = sourcecode.swift; path = "Comparable+Extensions.swift"; sourceTree = "<group>"; };
		E5328C7C2A4052CD0019F4A6 /* Appliable.swift */ = {isa = PBXFileReference; lastKnownFileType = sourcecode.swift; path = Appliable.swift; sourceTree = "<group>"; };
		E5328C802A4054CB0019F4A6 /* Equatable+Extensions.swift */ = {isa = PBXFileReference; lastKnownFileType = sourcecode.swift; path = "Equatable+Extensions.swift"; sourceTree = "<group>"; };
		E5328C822A4055D80019F4A6 /* Locale+Extensions.swift */ = {isa = PBXFileReference; lastKnownFileType = sourcecode.swift; path = "Locale+Extensions.swift"; sourceTree = "<group>"; };
		E5328C842A40561A0019F4A6 /* Calendar+Extensions.swift */ = {isa = PBXFileReference; lastKnownFileType = sourcecode.swift; path = "Calendar+Extensions.swift"; sourceTree = "<group>"; };
		E5328C862A40566E0019F4A6 /* TimeZone+Extensions.swift */ = {isa = PBXFileReference; lastKnownFileType = sourcecode.swift; path = "TimeZone+Extensions.swift"; sourceTree = "<group>"; };
		E5328C8E2A406C6A0019F4A6 /* CGSize+Extensions.swift */ = {isa = PBXFileReference; lastKnownFileType = sourcecode.swift; path = "CGSize+Extensions.swift"; sourceTree = "<group>"; };
		E549C71726475B89004388C4 /* PhantomKitTests.xctest */ = {isa = PBXFileReference; explicitFileType = wrapper.cfbundle; includeInIndex = 0; path = PhantomKitTests.xctest; sourceTree = BUILT_PRODUCTS_DIR; };
		E549C71B26475B89004388C4 /* Info.plist */ = {isa = PBXFileReference; lastKnownFileType = text.plist.xml; path = Info.plist; sourceTree = "<group>"; };
		E549C7262647CA7F004388C4 /* LocalizedFormatter.swift */ = {isa = PBXFileReference; lastKnownFileType = sourcecode.swift; path = LocalizedFormatter.swift; sourceTree = "<group>"; };
		E549C7282647CB00004388C4 /* DecimalFormatterTests.swift */ = {isa = PBXFileReference; lastKnownFileType = sourcecode.swift; path = DecimalFormatterTests.swift; sourceTree = "<group>"; };
		E549C72A2647ED5F004388C4 /* NSDecimalNumber+Extensions.swift */ = {isa = PBXFileReference; lastKnownFileType = sourcecode.swift; path = "NSDecimalNumber+Extensions.swift"; sourceTree = "<group>"; };
		E549C72E26484DFA004388C4 /* CurrencyFormatterTests.swift */ = {isa = PBXFileReference; lastKnownFileType = sourcecode.swift; path = CurrencyFormatterTests.swift; sourceTree = "<group>"; };
		E549C7302648515D004388C4 /* PercentFormatterTests.swift */ = {isa = PBXFileReference; lastKnownFileType = sourcecode.swift; path = PercentFormatterTests.swift; sourceTree = "<group>"; };
		E549C73526487C8A004388C4 /* LocalizedDateFormatter.swift */ = {isa = PBXFileReference; lastKnownFileType = sourcecode.swift; path = LocalizedDateFormatter.swift; sourceTree = "<group>"; };
		E549C739264895F4004388C4 /* DateFormatterTests.swift */ = {isa = PBXFileReference; lastKnownFileType = sourcecode.swift; path = DateFormatterTests.swift; sourceTree = "<group>"; };
		E55AB59A2649E9A5000D7441 /* String+Extensions.swift */ = {isa = PBXFileReference; lastKnownFileType = sourcecode.swift; path = "String+Extensions.swift"; sourceTree = "<group>"; };
		E56211E9284D623F0048FDAB /* README.md */ = {isa = PBXFileReference; fileEncoding = 4; lastKnownFileType = net.daringfireball.markdown; path = README.md; sourceTree = "<group>"; };
		E5638AE6265D6C9A00E73B05 /* ArrayTests.swift */ = {isa = PBXFileReference; lastKnownFileType = sourcecode.swift; path = ArrayTests.swift; sourceTree = "<group>"; };
		E5638B16265E938800E73B05 /* NSDecimalNumberTests.swift */ = {isa = PBXFileReference; lastKnownFileType = sourcecode.swift; path = NSDecimalNumberTests.swift; sourceTree = "<group>"; };
		E5638B1D265EBABC00E73B05 /* SetTests.swift */ = {isa = PBXFileReference; lastKnownFileType = sourcecode.swift; path = SetTests.swift; sourceTree = "<group>"; };
		E5638B1F265EBAC300E73B05 /* StringTests.swift */ = {isa = PBXFileReference; lastKnownFileType = sourcecode.swift; path = StringTests.swift; sourceTree = "<group>"; };
		E5638B21265EBADB00E73B05 /* ComparableTests.swift */ = {isa = PBXFileReference; lastKnownFileType = sourcecode.swift; path = ComparableTests.swift; sourceTree = "<group>"; };
		E5638B23265EBDDF00E73B05 /* DateComponentsFormatterTests.swift */ = {isa = PBXFileReference; lastKnownFileType = sourcecode.swift; path = DateComponentsFormatterTests.swift; sourceTree = "<group>"; };
		E587B8A626430F4900F0F240 /* libPhantomKit.a */ = {isa = PBXFileReference; explicitFileType = archive.ar; includeInIndex = 0; path = libPhantomKit.a; sourceTree = BUILT_PRODUCTS_DIR; };
		E587B8BF26430FC900F0F240 /* Set+Extensions.swift */ = {isa = PBXFileReference; fileEncoding = 4; lastKnownFileType = sourcecode.swift; path = "Set+Extensions.swift"; sourceTree = "<group>"; };
		E5888A8D26580FA600FC185E /* ByteCountFormatter+Extensions.swift */ = {isa = PBXFileReference; lastKnownFileType = sourcecode.swift; path = "ByteCountFormatter+Extensions.swift"; sourceTree = "<group>"; };
		E5888A9326581FFA00FC185E /* Binding+Extensions.swift */ = {isa = PBXFileReference; lastKnownFileType = sourcecode.swift; path = "Binding+Extensions.swift"; sourceTree = "<group>"; };
		E5888AAA265AB4BC00FC185E /* Image+Extensions.swift */ = {isa = PBXFileReference; lastKnownFileType = sourcecode.swift; path = "Image+Extensions.swift"; sourceTree = "<group>"; };
		E5ABD75F2670238F00082241 /* SafariView.swift */ = {isa = PBXFileReference; lastKnownFileType = sourcecode.swift; path = SafariView.swift; sourceTree = "<group>"; };
		E5ABD7652672CA8100082241 /* ManagedEntity.swift */ = {isa = PBXFileReference; lastKnownFileType = sourcecode.swift; path = ManagedEntity.swift; sourceTree = "<group>"; };
		E5ABD7672672CAE400082241 /* PersistentStore.swift */ = {isa = PBXFileReference; lastKnownFileType = sourcecode.swift; path = PersistentStore.swift; sourceTree = "<group>"; };
		E5B996C42A4C6DE500ABD816 /* TimeInterval+Extensions.swift */ = {isa = PBXFileReference; lastKnownFileType = sourcecode.swift; path = "TimeInterval+Extensions.swift"; sourceTree = "<group>"; };
		E5B9A8DE2A5634A2000D3CE7 /* LinkViewModifier.swift */ = {isa = PBXFileReference; lastKnownFileType = sourcecode.swift; path = LinkViewModifier.swift; sourceTree = "<group>"; };
		E5B9A8EC2A56CFEB000D3CE7 /* SheetViewModifier.swift */ = {isa = PBXFileReference; lastKnownFileType = sourcecode.swift; path = SheetViewModifier.swift; sourceTree = "<group>"; };
		E5B9A8F22A56F430000D3CE7 /* MultiColumnList.swift */ = {isa = PBXFileReference; lastKnownFileType = sourcecode.swift; path = MultiColumnList.swift; sourceTree = "<group>"; };
		E5C7EBB1264C7F5100E74EEF /* LocalizedFormatter+Abbreviation.swift */ = {isa = PBXFileReference; lastKnownFileType = sourcecode.swift; path = "LocalizedFormatter+Abbreviation.swift"; sourceTree = "<group>"; };
		E5CA108A26459D00008FD164 /* Package.swift */ = {isa = PBXFileReference; lastKnownFileType = sourcecode.swift; path = Package.swift; sourceTree = "<group>"; };
		E5E7C4C7264995600045596E /* LocalizedFormatter+Sign.swift */ = {isa = PBXFileReference; lastKnownFileType = sourcecode.swift; path = "LocalizedFormatter+Sign.swift"; sourceTree = "<group>"; };
		E5E7C4C92649ADB00045596E /* LocalizedFormatter+Precision.swift */ = {isa = PBXFileReference; lastKnownFileType = sourcecode.swift; path = "LocalizedFormatter+Precision.swift"; sourceTree = "<group>"; };
		E5FC0A6D2A51F383006B4DA3 /* Array+Extensions.swift */ = {isa = PBXFileReference; lastKnownFileType = sourcecode.swift; path = "Array+Extensions.swift"; sourceTree = "<group>"; };
/* End PBXFileReference section */

/* Begin PBXFrameworksBuildPhase section */
		E549C71426475B89004388C4 /* Frameworks */ = {
			isa = PBXFrameworksBuildPhase;
			buildActionMask = 2147483647;
			files = (
				E549C71C26475B89004388C4 /* libPhantomKit.a in Frameworks */,
				E549C72426475E05004388C4 /* Nimble in Frameworks */,
			);
			runOnlyForDeploymentPostprocessing = 0;
		};
		E587B8A326430F4900F0F240 /* Frameworks */ = {
			isa = PBXFrameworksBuildPhase;
			buildActionMask = 2147483647;
			files = (
			);
			runOnlyForDeploymentPostprocessing = 0;
		};
/* End PBXFrameworksBuildPhase section */

/* Begin PBXGroup section */
		E5044F7E2A557DDB007E0150 /* PDFView */ = {
			isa = PBXGroup;
			children = (
				E5044F7F2A557DE4007E0150 /* PDFViewRepresentable.swift */,
			);
			path = PDFView;
			sourceTree = "<group>";
		};
		E5328C742A3FC0240019F4A6 /* Extensions */ = {
			isa = PBXGroup;
			children = (
				E5FC0A6D2A51F383006B4DA3 /* Array+Extensions.swift */,
				E5888A8D26580FA600FC185E /* ByteCountFormatter+Extensions.swift */,
				E5328C842A40561A0019F4A6 /* Calendar+Extensions.swift */,
				E5328C8E2A406C6A0019F4A6 /* CGSize+Extensions.swift */,
				E5328C7A2A404B8F0019F4A6 /* Comparable+Extensions.swift */,
				E5328C752A3FC0300019F4A6 /* Date+Extensions.swift */,
				E5328C802A4054CB0019F4A6 /* Equatable+Extensions.swift */,
				E5328C822A4055D80019F4A6 /* Locale+Extensions.swift */,
				E549C72A2647ED5F004388C4 /* NSDecimalNumber+Extensions.swift */,
				E587B8BF26430FC900F0F240 /* Set+Extensions.swift */,
				E55AB59A2649E9A5000D7441 /* String+Extensions.swift */,
				E5B996C42A4C6DE500ABD816 /* TimeInterval+Extensions.swift */,
				E5328C862A40566E0019F4A6 /* TimeZone+Extensions.swift */,
			);
			path = Extensions;
			sourceTree = "<group>";
		};
		E5328C772A3FC06E0019F4A6 /* Components */ = {
			isa = PBXGroup;
			children = (
				E5328C7C2A4052CD0019F4A6 /* Appliable.swift */,
				E549C7252647CA6E004388C4 /* Formatters */,
				E5ABD7642672CA5700082241 /* Persistence */,
			);
			path = Components;
			sourceTree = "<group>";
		};
		E5328C782A3FC1BE0019F4A6 /* Components */ = {
			isa = PBXGroup;
			children = (
				E5B9A8F22A56F430000D3CE7 /* MultiColumnList.swift */,
				E5044F7E2A557DDB007E0150 /* PDFView */,
				E5328C792A3FC1C90019F4A6 /* SafariView */,
			);
			path = Components;
			sourceTree = "<group>";
		};
		E5328C792A3FC1C90019F4A6 /* SafariView */ = {
			isa = PBXGroup;
			children = (
				E5ABD75F2670238F00082241 /* SafariView.swift */,
			);
			path = SafariView;
			sourceTree = "<group>";
		};
		E538EB372708FBAE00B1ADC2 /* PhantomKit */ = {
			isa = PBXGroup;
			children = (
				E59ADA132A3C610300FF6ED4 /* Swift */,
				E59ADA142A3C610A00FF6ED4 /* SwiftUI */,
			);
			path = PhantomKit;
			sourceTree = "<group>";
		};
		E538EB382708FBB900B1ADC2 /* PhantomKitTests */ = {
			isa = PBXGroup;
			children = (
				E5638B1B265EB98F00E73B05 /* Extensions */,
				E5638B19265EB98400E73B05 /* Formatters */,
				E5638B1C265EB9C200E73B05 /* Resources */,
			);
			path = PhantomKitTests;
			sourceTree = "<group>";
		};
		E549C71826475B89004388C4 /* Tests */ = {
			isa = PBXGroup;
			children = (
				E538EB382708FBB900B1ADC2 /* PhantomKitTests */,
			);
			path = Tests;
			sourceTree = "<group>";
		};
		E549C7252647CA6E004388C4 /* Formatters */ = {
			isa = PBXGroup;
			children = (
				E549C7262647CA7F004388C4 /* LocalizedFormatter.swift */,
				E5C7EBB1264C7F5100E74EEF /* LocalizedFormatter+Abbreviation.swift */,
				E5E7C4C7264995600045596E /* LocalizedFormatter+Sign.swift */,
				E5E7C4C92649ADB00045596E /* LocalizedFormatter+Precision.swift */,
				E549C73526487C8A004388C4 /* LocalizedDateFormatter.swift */,
			);
			path = Formatters;
			sourceTree = "<group>";
		};
		E5638B19265EB98400E73B05 /* Formatters */ = {
			isa = PBXGroup;
			children = (
				E549C7282647CB00004388C4 /* DecimalFormatterTests.swift */,
				E549C72E26484DFA004388C4 /* CurrencyFormatterTests.swift */,
				E549C7302648515D004388C4 /* PercentFormatterTests.swift */,
				E549C739264895F4004388C4 /* DateFormatterTests.swift */,
				E5638B23265EBDDF00E73B05 /* DateComponentsFormatterTests.swift */,
			);
			path = Formatters;
			sourceTree = "<group>";
		};
		E5638B1B265EB98F00E73B05 /* Extensions */ = {
			isa = PBXGroup;
			children = (
				E5638AE6265D6C9A00E73B05 /* ArrayTests.swift */,
				E5638B21265EBADB00E73B05 /* ComparableTests.swift */,
				E5638B16265E938800E73B05 /* NSDecimalNumberTests.swift */,
				E5638B1D265EBABC00E73B05 /* SetTests.swift */,
				E5638B1F265EBAC300E73B05 /* StringTests.swift */,
			);
			path = Extensions;
			sourceTree = "<group>";
		};
		E5638B1C265EB9C200E73B05 /* Resources */ = {
			isa = PBXGroup;
			children = (
				E549C71B26475B89004388C4 /* Info.plist */,
			);
			path = Resources;
			sourceTree = "<group>";
		};
		E587B89D26430F4900F0F240 = {
			isa = PBXGroup;
			children = (
				E56211E9284D623F0048FDAB /* README.md */,
				E5CA108A26459D00008FD164 /* Package.swift */,
				E587B8B026430FC900F0F240 /* Sources */,
				E549C71826475B89004388C4 /* Tests */,
				E587B8A726430F4900F0F240 /* Products */,
			);
			sourceTree = "<group>";
		};
		E587B8A726430F4900F0F240 /* Products */ = {
			isa = PBXGroup;
			children = (
				E587B8A626430F4900F0F240 /* libPhantomKit.a */,
				E549C71726475B89004388C4 /* PhantomKitTests.xctest */,
			);
			name = Products;
			sourceTree = "<group>";
		};
		E587B8B026430FC900F0F240 /* Sources */ = {
			isa = PBXGroup;
			children = (
				E538EB372708FBAE00B1ADC2 /* PhantomKit */,
			);
			path = Sources;
			sourceTree = "<group>";
		};
		E59ADA132A3C610300FF6ED4 /* Swift */ = {
			isa = PBXGroup;
			children = (
				E5328C772A3FC06E0019F4A6 /* Components */,
				E5328C742A3FC0240019F4A6 /* Extensions */,
			);
			path = Swift;
			sourceTree = "<group>";
		};
		E59ADA142A3C610A00FF6ED4 /* SwiftUI */ = {
			isa = PBXGroup;
			children = (
				E5328C782A3FC1BE0019F4A6 /* Components */,
				E5B9A8DD2A563495000D3CE7 /* Modifiers */,
				E59ADA152A3C61AA00FF6ED4 /* Extensions */,
			);
			path = SwiftUI;
			sourceTree = "<group>";
		};
		E59ADA152A3C61AA00FF6ED4 /* Extensions */ = {
			isa = PBXGroup;
			children = (
				E5888A9326581FFA00FC185E /* Binding+Extensions.swift */,
				E5888AAA265AB4BC00FC185E /* Image+Extensions.swift */,
				E521E211293C179600E7E865 /* View+Alignment.swift */,
				E521E20F293C144000E7E865 /* View+Extensions.swift */,
			);
			path = Extensions;
			sourceTree = "<group>";
		};
		E5ABD7642672CA5700082241 /* Persistence */ = {
			isa = PBXGroup;
			children = (
				E5ABD7652672CA8100082241 /* ManagedEntity.swift */,
				E5ABD7672672CAE400082241 /* PersistentStore.swift */,
			);
			path = Persistence;
			sourceTree = "<group>";
		};
		E5B9A8DD2A563495000D3CE7 /* Modifiers */ = {
			isa = PBXGroup;
			children = (
				E5B9A8DE2A5634A2000D3CE7 /* LinkViewModifier.swift */,
				E5B9A8EC2A56CFEB000D3CE7 /* SheetViewModifier.swift */,
			);
			path = Modifiers;
			sourceTree = "<group>";
		};
/* End PBXGroup section */

/* Begin PBXNativeTarget section */
		E549C71626475B89004388C4 /* PhantomKitTests */ = {
			isa = PBXNativeTarget;
			buildConfigurationList = E549C71F26475B89004388C4 /* Build configuration list for PBXNativeTarget "PhantomKitTests" */;
			buildPhases = (
				E549C71326475B89004388C4 /* Sources */,
				E549C71426475B89004388C4 /* Frameworks */,
				E549C71526475B89004388C4 /* Resources */,
			);
			buildRules = (
			);
			dependencies = (
				E549C71E26475B89004388C4 /* PBXTargetDependency */,
			);
			name = PhantomKitTests;
			packageProductDependencies = (
				E549C72326475E05004388C4 /* Nimble */,
			);
			productName = Tests;
			productReference = E549C71726475B89004388C4 /* PhantomKitTests.xctest */;
			productType = "com.apple.product-type.bundle.unit-test";
		};
		E587B8A526430F4900F0F240 /* PhantomKit */ = {
			isa = PBXNativeTarget;
			buildConfigurationList = E587B8AD26430F4900F0F240 /* Build configuration list for PBXNativeTarget "PhantomKit" */;
			buildPhases = (
				E5ABD6D92660527D00082241 /* Lint - SwiftLint */,
				E587B8A226430F4900F0F240 /* Sources */,
				E587B8A326430F4900F0F240 /* Frameworks */,
				E587B8A426430F4900F0F240 /* CopyFiles */,
			);
			buildRules = (
			);
			dependencies = (
			);
			name = PhantomKit;
			packageProductDependencies = (
			);
			productName = PhantomKit;
			productReference = E587B8A626430F4900F0F240 /* libPhantomKit.a */;
			productType = "com.apple.product-type.library.static";
		};
/* End PBXNativeTarget section */

/* Begin PBXProject section */
		E587B89E26430F4900F0F240 /* Project object */ = {
			isa = PBXProject;
			attributes = {
				BuildIndependentTargetsInParallel = YES;
				LastSwiftUpdateCheck = 1250;
				LastUpgradeCheck = 1500;
				ORGANIZATIONNAME = Tersacore;
				TargetAttributes = {
					E549C71626475B89004388C4 = {
						CreatedOnToolsVersion = 12.5;
					};
					E587B8A526430F4900F0F240 = {
						CreatedOnToolsVersion = 12.5;
					};
				};
			};
			buildConfigurationList = E587B8A126430F4900F0F240 /* Build configuration list for PBXProject "PhantomKit" */;
			compatibilityVersion = "Xcode 15.0";
			developmentRegion = en;
			hasScannedForEncodings = 0;
			knownRegions = (
				en,
				Base,
			);
			mainGroup = E587B89D26430F4900F0F240;
			packageReferences = (
				E549C72226475E05004388C4 /* XCRemoteSwiftPackageReference "Nimble" */,
			);
			productRefGroup = E587B8A726430F4900F0F240 /* Products */;
			projectDirPath = "";
			projectRoot = "";
			targets = (
				E587B8A526430F4900F0F240 /* PhantomKit */,
				E549C71626475B89004388C4 /* PhantomKitTests */,
			);
		};
/* End PBXProject section */

/* Begin PBXResourcesBuildPhase section */
		E549C71526475B89004388C4 /* Resources */ = {
			isa = PBXResourcesBuildPhase;
			buildActionMask = 2147483647;
			files = (
			);
			runOnlyForDeploymentPostprocessing = 0;
		};
/* End PBXResourcesBuildPhase section */

/* Begin PBXShellScriptBuildPhase section */
		E5ABD6D92660527D00082241 /* Lint - SwiftLint */ = {
			isa = PBXShellScriptBuildPhase;
			buildActionMask = 2147483647;
			files = (
			);
			inputFileListPaths = (
			);
			inputPaths = (
			);
			name = "Lint - SwiftLint";
			outputFileListPaths = (
			);
			outputPaths = (
			);
			runOnlyForDeploymentPostprocessing = 0;
			shellPath = /bin/sh;
			shellScript = "if which swiftlint >/dev/null; then\n  swiftlint lint\nelse\n  echo \"swiftlint not installed\"\nfi\n";
		};
/* End PBXShellScriptBuildPhase section */

/* Begin PBXSourcesBuildPhase section */
		E549C71326475B89004388C4 /* Sources */ = {
			isa = PBXSourcesBuildPhase;
			buildActionMask = 2147483647;
			files = (
				E5638B1E265EBABC00E73B05 /* SetTests.swift in Sources */,
				E5638B22265EBADB00E73B05 /* ComparableTests.swift in Sources */,
				E549C7292647CB00004388C4 /* DecimalFormatterTests.swift in Sources */,
				E549C73A264895F4004388C4 /* DateFormatterTests.swift in Sources */,
				E5638B24265EBDDF00E73B05 /* DateComponentsFormatterTests.swift in Sources */,
				E5638AE8265D6DA100E73B05 /* ArrayTests.swift in Sources */,
				E549C7312648515D004388C4 /* PercentFormatterTests.swift in Sources */,
				E5638B18265E939C00E73B05 /* NSDecimalNumberTests.swift in Sources */,
				E5638B20265EBAC300E73B05 /* StringTests.swift in Sources */,
				E549C72F26484DFA004388C4 /* CurrencyFormatterTests.swift in Sources */,
			);
			runOnlyForDeploymentPostprocessing = 0;
		};
		E587B8A226430F4900F0F240 /* Sources */ = {
			isa = PBXSourcesBuildPhase;
			buildActionMask = 2147483647;
			files = (
				E5C7EBB2264C7F5100E74EEF /* LocalizedFormatter+Abbreviation.swift in Sources */,
				E5B9A8ED2A56CFEB000D3CE7 /* SheetViewModifier.swift in Sources */,
				E5328C872A40566E0019F4A6 /* TimeZone+Extensions.swift in Sources */,
				E5E7C4C8264995600045596E /* LocalizedFormatter+Sign.swift in Sources */,
				E5888AAB265AB4BC00FC185E /* Image+Extensions.swift in Sources */,
				E5B9A8F32A56F430000D3CE7 /* MultiColumnList.swift in Sources */,
				E5328C7D2A4052CD0019F4A6 /* Appliable.swift in Sources */,
				E5ABD7602670238F00082241 /* SafariView.swift in Sources */,
				E5328C762A3FC0300019F4A6 /* Date+Extensions.swift in Sources */,
				E5888A8E26580FA600FC185E /* ByteCountFormatter+Extensions.swift in Sources */,
				E5B996C52A4C6DE500ABD816 /* TimeInterval+Extensions.swift in Sources */,
				E5E7C4CA2649ADB00045596E /* LocalizedFormatter+Precision.swift in Sources */,
				E5ABD7682672CAE400082241 /* PersistentStore.swift in Sources */,
				E521E210293C144000E7E865 /* View+Extensions.swift in Sources */,
				E5044F802A557DE4007E0150 /* PDFViewRepresentable.swift in Sources */,
				E5328C7B2A404B8F0019F4A6 /* Comparable+Extensions.swift in Sources */,
				E587B8FF26430FC900F0F240 /* Set+Extensions.swift in Sources */,
				E55AB59B2649E9A5000D7441 /* String+Extensions.swift in Sources */,
				E549C7272647CA7F004388C4 /* LocalizedFormatter.swift in Sources */,
				E5328C852A40561A0019F4A6 /* Calendar+Extensions.swift in Sources */,
				E5888A9426581FFA00FC185E /* Binding+Extensions.swift in Sources */,
				E5FC0A6E2A51F383006B4DA3 /* Array+Extensions.swift in Sources */,
				E5328C8F2A406C6A0019F4A6 /* CGSize+Extensions.swift in Sources */,
				E5B9A8DF2A5634A2000D3CE7 /* LinkViewModifier.swift in Sources */,
				E5328C812A4054CB0019F4A6 /* Equatable+Extensions.swift in Sources */,
				E521E212293C179600E7E865 /* View+Alignment.swift in Sources */,
				E549C72C2647F4FA004388C4 /* NSDecimalNumber+Extensions.swift in Sources */,
				E5328C832A4055D80019F4A6 /* Locale+Extensions.swift in Sources */,
				E549C73626487C8A004388C4 /* LocalizedDateFormatter.swift in Sources */,
				E5ABD7662672CA8100082241 /* ManagedEntity.swift in Sources */,
			);
			runOnlyForDeploymentPostprocessing = 0;
		};
/* End PBXSourcesBuildPhase section */

/* Begin PBXTargetDependency section */
		E549C71E26475B89004388C4 /* PBXTargetDependency */ = {
			isa = PBXTargetDependency;
			target = E587B8A526430F4900F0F240 /* PhantomKit */;
			targetProxy = E549C71D26475B89004388C4 /* PBXContainerItemProxy */;
		};
/* End PBXTargetDependency section */

/* Begin XCBuildConfiguration section */
		E549C72026475B89004388C4 /* Debug */ = {
			isa = XCBuildConfiguration;
			buildSettings = {
				CODE_SIGN_STYLE = Automatic;
				DEVELOPMENT_TEAM = DMCVYHA293;
				INFOPLIST_FILE = Tests/PhantomKitTests/Resources/Info.plist;
				LD_RUNPATH_SEARCH_PATHS = (
					"$(inherited)",
					"@executable_path/Frameworks",
					"@loader_path/Frameworks",
				);
				PRODUCT_BUNDLE_IDENTIFIER = com.pawelwiszenko.Tests;
				PRODUCT_NAME = "$(TARGET_NAME)";
				SWIFT_VERSION = 5.0;
				TARGETED_DEVICE_FAMILY = "1,2";
			};
			name = Debug;
		};
		E549C72126475B89004388C4 /* Release */ = {
			isa = XCBuildConfiguration;
			buildSettings = {
				CODE_SIGN_STYLE = Automatic;
				DEVELOPMENT_TEAM = DMCVYHA293;
				INFOPLIST_FILE = Tests/PhantomKitTests/Resources/Info.plist;
				LD_RUNPATH_SEARCH_PATHS = (
					"$(inherited)",
					"@executable_path/Frameworks",
					"@loader_path/Frameworks",
				);
				PRODUCT_BUNDLE_IDENTIFIER = com.pawelwiszenko.Tests;
				PRODUCT_NAME = "$(TARGET_NAME)";
				SWIFT_VERSION = 5.0;
				TARGETED_DEVICE_FAMILY = "1,2";
			};
			name = Release;
		};
		E587B8AB26430F4900F0F240 /* Debug */ = {
			isa = XCBuildConfiguration;
			buildSettings = {
				ALWAYS_SEARCH_USER_PATHS = NO;
				ASSETCATALOG_COMPILER_GENERATE_SWIFT_ASSET_SYMBOL_EXTENSIONS = YES;
				CLANG_ANALYZER_NONNULL = YES;
				CLANG_ANALYZER_NUMBER_OBJECT_CONVERSION = YES_AGGRESSIVE;
				CLANG_CXX_LANGUAGE_STANDARD = "gnu++14";
				CLANG_CXX_LIBRARY = "libc++";
				CLANG_ENABLE_MODULES = YES;
				CLANG_ENABLE_OBJC_ARC = YES;
				CLANG_ENABLE_OBJC_WEAK = YES;
				CLANG_WARN_BLOCK_CAPTURE_AUTORELEASING = YES;
				CLANG_WARN_BOOL_CONVERSION = YES;
				CLANG_WARN_COMMA = YES;
				CLANG_WARN_CONSTANT_CONVERSION = YES;
				CLANG_WARN_DEPRECATED_OBJC_IMPLEMENTATIONS = YES;
				CLANG_WARN_DIRECT_OBJC_ISA_USAGE = YES_ERROR;
				CLANG_WARN_DOCUMENTATION_COMMENTS = YES;
				CLANG_WARN_EMPTY_BODY = YES;
				CLANG_WARN_ENUM_CONVERSION = YES;
				CLANG_WARN_INFINITE_RECURSION = YES;
				CLANG_WARN_INT_CONVERSION = YES;
				CLANG_WARN_NON_LITERAL_NULL_CONVERSION = YES;
				CLANG_WARN_OBJC_IMPLICIT_RETAIN_SELF = YES;
				CLANG_WARN_OBJC_LITERAL_CONVERSION = YES;
				CLANG_WARN_OBJC_ROOT_CLASS = YES_ERROR;
				CLANG_WARN_QUOTED_INCLUDE_IN_FRAMEWORK_HEADER = YES;
				CLANG_WARN_RANGE_LOOP_ANALYSIS = YES;
				CLANG_WARN_STRICT_PROTOTYPES = YES;
				CLANG_WARN_SUSPICIOUS_MOVE = YES;
				CLANG_WARN_UNGUARDED_AVAILABILITY = YES_AGGRESSIVE;
				CLANG_WARN_UNREACHABLE_CODE = YES;
				CLANG_WARN__DUPLICATE_METHOD_MATCH = YES;
				COPY_PHASE_STRIP = NO;
				DEBUG_INFORMATION_FORMAT = dwarf;
				ENABLE_STRICT_OBJC_MSGSEND = YES;
				ENABLE_TESTABILITY = YES;
				ENABLE_USER_SCRIPT_SANDBOXING = YES;
				GCC_C_LANGUAGE_STANDARD = gnu11;
				GCC_DYNAMIC_NO_PIC = NO;
				GCC_NO_COMMON_BLOCKS = YES;
				GCC_OPTIMIZATION_LEVEL = 0;
				GCC_PREPROCESSOR_DEFINITIONS = (
					"DEBUG=1",
					"$(inherited)",
				);
				GCC_WARN_64_TO_32_BIT_CONVERSION = YES;
				GCC_WARN_ABOUT_RETURN_TYPE = YES_ERROR;
				GCC_WARN_UNDECLARED_SELECTOR = YES;
				GCC_WARN_UNINITIALIZED_AUTOS = YES_AGGRESSIVE;
				GCC_WARN_UNUSED_FUNCTION = YES;
				GCC_WARN_UNUSED_VARIABLE = YES;
				IPHONEOS_DEPLOYMENT_TARGET = 16.0;
				MTL_ENABLE_DEBUG_INFO = INCLUDE_SOURCE;
				MTL_FAST_MATH = YES;
				ONLY_ACTIVE_ARCH = YES;
				SDKROOT = iphoneos;
				SWIFT_ACTIVE_COMPILATION_CONDITIONS = DEBUG;
				SWIFT_OPTIMIZATION_LEVEL = "-Onone";
			};
			name = Debug;
		};
		E587B8AC26430F4900F0F240 /* Release */ = {
			isa = XCBuildConfiguration;
			buildSettings = {
				ALWAYS_SEARCH_USER_PATHS = NO;
				ASSETCATALOG_COMPILER_GENERATE_SWIFT_ASSET_SYMBOL_EXTENSIONS = YES;
				CLANG_ANALYZER_NONNULL = YES;
				CLANG_ANALYZER_NUMBER_OBJECT_CONVERSION = YES_AGGRESSIVE;
				CLANG_CXX_LANGUAGE_STANDARD = "gnu++14";
				CLANG_CXX_LIBRARY = "libc++";
				CLANG_ENABLE_MODULES = YES;
				CLANG_ENABLE_OBJC_ARC = YES;
				CLANG_ENABLE_OBJC_WEAK = YES;
				CLANG_WARN_BLOCK_CAPTURE_AUTORELEASING = YES;
				CLANG_WARN_BOOL_CONVERSION = YES;
				CLANG_WARN_COMMA = YES;
				CLANG_WARN_CONSTANT_CONVERSION = YES;
				CLANG_WARN_DEPRECATED_OBJC_IMPLEMENTATIONS = YES;
				CLANG_WARN_DIRECT_OBJC_ISA_USAGE = YES_ERROR;
				CLANG_WARN_DOCUMENTATION_COMMENTS = YES;
				CLANG_WARN_EMPTY_BODY = YES;
				CLANG_WARN_ENUM_CONVERSION = YES;
				CLANG_WARN_INFINITE_RECURSION = YES;
				CLANG_WARN_INT_CONVERSION = YES;
				CLANG_WARN_NON_LITERAL_NULL_CONVERSION = YES;
				CLANG_WARN_OBJC_IMPLICIT_RETAIN_SELF = YES;
				CLANG_WARN_OBJC_LITERAL_CONVERSION = YES;
				CLANG_WARN_OBJC_ROOT_CLASS = YES_ERROR;
				CLANG_WARN_QUOTED_INCLUDE_IN_FRAMEWORK_HEADER = YES;
				CLANG_WARN_RANGE_LOOP_ANALYSIS = YES;
				CLANG_WARN_STRICT_PROTOTYPES = YES;
				CLANG_WARN_SUSPICIOUS_MOVE = YES;
				CLANG_WARN_UNGUARDED_AVAILABILITY = YES_AGGRESSIVE;
				CLANG_WARN_UNREACHABLE_CODE = YES;
				CLANG_WARN__DUPLICATE_METHOD_MATCH = YES;
				COPY_PHASE_STRIP = NO;
				DEBUG_INFORMATION_FORMAT = "dwarf-with-dsym";
				ENABLE_NS_ASSERTIONS = NO;
				ENABLE_STRICT_OBJC_MSGSEND = YES;
				ENABLE_USER_SCRIPT_SANDBOXING = YES;
				GCC_C_LANGUAGE_STANDARD = gnu11;
				GCC_NO_COMMON_BLOCKS = YES;
				GCC_WARN_64_TO_32_BIT_CONVERSION = YES;
				GCC_WARN_ABOUT_RETURN_TYPE = YES_ERROR;
				GCC_WARN_UNDECLARED_SELECTOR = YES;
				GCC_WARN_UNINITIALIZED_AUTOS = YES_AGGRESSIVE;
				GCC_WARN_UNUSED_FUNCTION = YES;
				GCC_WARN_UNUSED_VARIABLE = YES;
				IPHONEOS_DEPLOYMENT_TARGET = 16.0;
				MTL_ENABLE_DEBUG_INFO = NO;
				MTL_FAST_MATH = YES;
				SDKROOT = iphoneos;
				SWIFT_COMPILATION_MODE = wholemodule;
				SWIFT_OPTIMIZATION_LEVEL = "-O";
				VALIDATE_PRODUCT = YES;
			};
			name = Release;
		};
		E587B8AE26430F4900F0F240 /* Debug */ = {
			isa = XCBuildConfiguration;
			buildSettings = {
				CODE_SIGN_STYLE = Automatic;
				DEVELOPMENT_TEAM = DMCVYHA293;
				OTHER_LDFLAGS = "-ObjC";
				PRODUCT_NAME = "$(TARGET_NAME)";
				SKIP_INSTALL = YES;
				SWIFT_VERSION = 5.0;
				TARGETED_DEVICE_FAMILY = "1,2";
			};
			name = Debug;
		};
		E587B8AF26430F4900F0F240 /* Release */ = {
			isa = XCBuildConfiguration;
			buildSettings = {
				CODE_SIGN_STYLE = Automatic;
				DEVELOPMENT_TEAM = DMCVYHA293;
				OTHER_LDFLAGS = "-ObjC";
				PRODUCT_NAME = "$(TARGET_NAME)";
				SKIP_INSTALL = YES;
				SWIFT_VERSION = 5.0;
				TARGETED_DEVICE_FAMILY = "1,2";
			};
			name = Release;
		};
/* End XCBuildConfiguration section */

/* Begin XCConfigurationList section */
		E549C71F26475B89004388C4 /* Build configuration list for PBXNativeTarget "PhantomKitTests" */ = {
			isa = XCConfigurationList;
			buildConfigurations = (
				E549C72026475B89004388C4 /* Debug */,
				E549C72126475B89004388C4 /* Release */,
			);
			defaultConfigurationIsVisible = 0;
			defaultConfigurationName = Release;
		};
		E587B8A126430F4900F0F240 /* Build configuration list for PBXProject "PhantomKit" */ = {
			isa = XCConfigurationList;
			buildConfigurations = (
				E587B8AB26430F4900F0F240 /* Debug */,
				E587B8AC26430F4900F0F240 /* Release */,
			);
			defaultConfigurationIsVisible = 0;
			defaultConfigurationName = Release;
		};
		E587B8AD26430F4900F0F240 /* Build configuration list for PBXNativeTarget "PhantomKit" */ = {
			isa = XCConfigurationList;
			buildConfigurations = (
				E587B8AE26430F4900F0F240 /* Debug */,
				E587B8AF26430F4900F0F240 /* Release */,
			);
			defaultConfigurationIsVisible = 0;
			defaultConfigurationName = Release;
		};
/* End XCConfigurationList section */

/* Begin XCRemoteSwiftPackageReference section */
		E549C72226475E05004388C4 /* XCRemoteSwiftPackageReference "Nimble" */ = {
			isa = XCRemoteSwiftPackageReference;
			repositoryURL = "https://github.com/Quick/Nimble.git";
			requirement = {
				kind = upToNextMajorVersion;
				minimumVersion = 10.0.0;
			};
		};
/* End XCRemoteSwiftPackageReference section */

/* Begin XCSwiftPackageProductDependency section */
		E549C72326475E05004388C4 /* Nimble */ = {
			isa = XCSwiftPackageProductDependency;
			package = E549C72226475E05004388C4 /* XCRemoteSwiftPackageReference "Nimble" */;
			productName = Nimble;
		};
/* End XCSwiftPackageProductDependency section */
	};
	rootObject = E587B89E26430F4900F0F240 /* Project object */;
}
