// !$*UTF8*$!
{
	archiveVersion = 1;
	classes = {
	};
	objectVersion = 54;
	objects = {

/* Begin PBXBuildFile section */
		E52A3130264AE27B00017D94 /* RequestState.swift in Sources */ = {isa = PBXBuildFile; fileRef = E52A312F264AE27B00017D94 /* RequestState.swift */; };
		E52A3132264B01A300017D94 /* ToastView.swift in Sources */ = {isa = PBXBuildFile; fileRef = E52A3131264B01A300017D94 /* ToastView.swift */; };
		E52A3134264C0C5900017D94 /* RefreshGuardian.swift in Sources */ = {isa = PBXBuildFile; fileRef = E52A3133264C0C5900017D94 /* RefreshGuardian.swift */; };
		E52A3136264C27E500017D94 /* RefreshGuardianTests.swift in Sources */ = {isa = PBXBuildFile; fileRef = E52A3135264C27E500017D94 /* RefreshGuardianTests.swift */; };
		E549C70C2645D526004388C4 /* Logger.swift in Sources */ = {isa = PBXBuildFile; fileRef = E549C70B2645D526004388C4 /* Logger.swift */; };
		E549C70E2646BEDF004388C4 /* Error+Ext.swift in Sources */ = {isa = PBXBuildFile; fileRef = E549C70D2646BEDF004388C4 /* Error+Ext.swift */; };
		E549C71C26475B89004388C4 /* libPhantomKit.a in Frameworks */ = {isa = PBXBuildFile; fileRef = E587B8A626430F4900F0F240 /* libPhantomKit.a */; };
		E549C72426475E05004388C4 /* Nimble in Frameworks */ = {isa = PBXBuildFile; productRef = E549C72326475E05004388C4 /* Nimble */; };
		E549C7272647CA7F004388C4 /* LocalizedFormatter.swift in Sources */ = {isa = PBXBuildFile; fileRef = E549C7262647CA7F004388C4 /* LocalizedFormatter.swift */; };
		E549C7292647CB00004388C4 /* DecimalFormatterTests.swift in Sources */ = {isa = PBXBuildFile; fileRef = E549C7282647CB00004388C4 /* DecimalFormatterTests.swift */; };
		E549C72C2647F4FA004388C4 /* NSDecimalNumber+Ext.swift in Sources */ = {isa = PBXBuildFile; fileRef = E549C72A2647ED5F004388C4 /* NSDecimalNumber+Ext.swift */; };
		E549C72F26484DFA004388C4 /* CurrencyFormatterTests.swift in Sources */ = {isa = PBXBuildFile; fileRef = E549C72E26484DFA004388C4 /* CurrencyFormatterTests.swift */; };
		E549C7312648515D004388C4 /* PercentFormatterTests.swift in Sources */ = {isa = PBXBuildFile; fileRef = E549C7302648515D004388C4 /* PercentFormatterTests.swift */; };
		E549C73626487C8A004388C4 /* LocalizedDateFormatter.swift in Sources */ = {isa = PBXBuildFile; fileRef = E549C73526487C8A004388C4 /* LocalizedDateFormatter.swift */; };
		E549C73A264895F4004388C4 /* DateFormatterTests.swift in Sources */ = {isa = PBXBuildFile; fileRef = E549C739264895F4004388C4 /* DateFormatterTests.swift */; };
		E55AB59B2649E9A5000D7441 /* String+Ext.swift in Sources */ = {isa = PBXBuildFile; fileRef = E55AB59A2649E9A5000D7441 /* String+Ext.swift */; };
		E55AB59D264A7775000D7441 /* Date+Ext.swift in Sources */ = {isa = PBXBuildFile; fileRef = E55AB59C264A7775000D7441 /* Date+Ext.swift */; };
		E55AB59F264ADA2A000D7441 /* Equatable+Ext.swift in Sources */ = {isa = PBXBuildFile; fileRef = E55AB59E264ADA2A000D7441 /* Equatable+Ext.swift */; };
		E587B8F926430FC900F0F240 /* Imports.swift in Sources */ = {isa = PBXBuildFile; fileRef = E587B8B226430FC900F0F240 /* Imports.swift */; };
		E587B8FA26430FC900F0F240 /* Bundle.swift in Sources */ = {isa = PBXBuildFile; fileRef = E587B8B326430FC900F0F240 /* Bundle.swift */; };
		E587B8FB26430FC900F0F240 /* LocalizableStrings.swift in Sources */ = {isa = PBXBuildFile; fileRef = E587B8B826430FC900F0F240 /* LocalizableStrings.swift */; };
		E587B8FC26430FC900F0F240 /* WebEndpoint.swift in Sources */ = {isa = PBXBuildFile; fileRef = E587B8BB26430FC900F0F240 /* WebEndpoint.swift */; };
		E587B8FF26430FC900F0F240 /* Set+Ext.swift in Sources */ = {isa = PBXBuildFile; fileRef = E587B8BF26430FC900F0F240 /* Set+Ext.swift */; };
		E587B90026430FC900F0F240 /* Published+Ext.swift in Sources */ = {isa = PBXBuildFile; fileRef = E587B8C026430FC900F0F240 /* Published+Ext.swift */; };
		E587B90126430FC900F0F240 /* Theme+Ext.swift in Sources */ = {isa = PBXBuildFile; fileRef = E587B8C126430FC900F0F240 /* Theme+Ext.swift */; };
		E587B90226430FC900F0F240 /* StoreKit+Ext.swift in Sources */ = {isa = PBXBuildFile; fileRef = E587B8C226430FC900F0F240 /* StoreKit+Ext.swift */; };
		E587B90326430FC900F0F240 /* Array+Ext.swift in Sources */ = {isa = PBXBuildFile; fileRef = E587B8C326430FC900F0F240 /* Array+Ext.swift */; };
		E587B90426430FC900F0F240 /* NotificationCenter+Ext.swift in Sources */ = {isa = PBXBuildFile; fileRef = E587B8C426430FC900F0F240 /* NotificationCenter+Ext.swift */; };
		E587B90526430FC900F0F240 /* URL+Ext.swift in Sources */ = {isa = PBXBuildFile; fileRef = E587B8C526430FC900F0F240 /* URL+Ext.swift */; };
		E587B90626430FC900F0F240 /* Constants.swift in Sources */ = {isa = PBXBuildFile; fileRef = E587B8C726430FC900F0F240 /* Constants.swift */; };
		E587B90726430FC900F0F240 /* View+Helpers.swift in Sources */ = {isa = PBXBuildFile; fileRef = E587B8CA26430FC900F0F240 /* View+Helpers.swift */; };
		E587B90826430FC900F0F240 /* ActionSheet+Ext.swift in Sources */ = {isa = PBXBuildFile; fileRef = E587B8CB26430FC900F0F240 /* ActionSheet+Ext.swift */; };
		E587B90926430FC900F0F240 /* Alert+Button+Ext.swift in Sources */ = {isa = PBXBuildFile; fileRef = E587B8CC26430FC900F0F240 /* Alert+Button+Ext.swift */; };
		E587B90A26430FC900F0F240 /* View+Ext.swift in Sources */ = {isa = PBXBuildFile; fileRef = E587B8CD26430FC900F0F240 /* View+Ext.swift */; };
		E587B90B26430FC900F0F240 /* CSSColor.swift in Sources */ = {isa = PBXBuildFile; fileRef = E587B8CE26430FC900F0F240 /* CSSColor.swift */; };
		E587B90C26430FC900F0F240 /* View+Action.swift in Sources */ = {isa = PBXBuildFile; fileRef = E587B8CF26430FC900F0F240 /* View+Action.swift */; };
		E587B90D26430FC900F0F240 /* Section+Ext.swift in Sources */ = {isa = PBXBuildFile; fileRef = E587B8D026430FC900F0F240 /* Section+Ext.swift */; };
		E587B90E26430FC900F0F240 /* SplitPicker+SelectionView.swift in Sources */ = {isa = PBXBuildFile; fileRef = E587B8D326430FC900F0F240 /* SplitPicker+SelectionView.swift */; };
		E587B90F26430FC900F0F240 /* SplitPicker+Item.swift in Sources */ = {isa = PBXBuildFile; fileRef = E587B8D426430FC900F0F240 /* SplitPicker+Item.swift */; };
		E587B91026430FC900F0F240 /* SplitPicker.swift in Sources */ = {isa = PBXBuildFile; fileRef = E587B8D526430FC900F0F240 /* SplitPicker.swift */; };
		E587B91126430FC900F0F240 /* AnimatableFrameHeight.swift in Sources */ = {isa = PBXBuildFile; fileRef = E587B8D626430FC900F0F240 /* AnimatableFrameHeight.swift */; };
		E587B91226430FC900F0F240 /* IconBadgeLabelStyle.swift in Sources */ = {isa = PBXBuildFile; fileRef = E587B8D726430FC900F0F240 /* IconBadgeLabelStyle.swift */; };
		E587B91326430FC900F0F240 /* GradientButtonStyle.swift in Sources */ = {isa = PBXBuildFile; fileRef = E587B8D926430FC900F0F240 /* GradientButtonStyle.swift */; };
		E587B91426430FC900F0F240 /* AnyButtonStyle.swift in Sources */ = {isa = PBXBuildFile; fileRef = E587B8DA26430FC900F0F240 /* AnyButtonStyle.swift */; };
		E587B91526430FC900F0F240 /* RootViewAppearance.swift in Sources */ = {isa = PBXBuildFile; fileRef = E587B8DB26430FC900F0F240 /* RootViewAppearance.swift */; };
		E587B91626430FC900F0F240 /* SimpleLabelStyle.swift in Sources */ = {isa = PBXBuildFile; fileRef = E587B8DC26430FC900F0F240 /* SimpleLabelStyle.swift */; };
		E587B91726430FC900F0F240 /* TabViewItem.swift in Sources */ = {isa = PBXBuildFile; fileRef = E587B8DE26430FC900F0F240 /* TabViewItem.swift */; };
		E587B91826430FC900F0F240 /* TabSelectionKey.swift in Sources */ = {isa = PBXBuildFile; fileRef = E587B8DF26430FC900F0F240 /* TabSelectionKey.swift */; };
		E587B91926430FC900F0F240 /* SelectionTabView.swift in Sources */ = {isa = PBXBuildFile; fileRef = E587B8E026430FC900F0F240 /* SelectionTabView.swift */; };
		E587B91A26430FC900F0F240 /* View+Presentation.swift in Sources */ = {isa = PBXBuildFile; fileRef = E587B8E226430FC900F0F240 /* View+Presentation.swift */; };
		E587B91B26430FC900F0F240 /* BaseHostingController.swift in Sources */ = {isa = PBXBuildFile; fileRef = E587B8E426430FC900F0F240 /* BaseHostingController.swift */; };
		E587B91C26430FC900F0F240 /* View+Route.swift in Sources */ = {isa = PBXBuildFile; fileRef = E587B8E526430FC900F0F240 /* View+Route.swift */; };
		E587B91D26430FC900F0F240 /* Router+Route+Method.swift in Sources */ = {isa = PBXBuildFile; fileRef = E587B8E626430FC900F0F240 /* Router+Route+Method.swift */; };
		E587B91E26430FC900F0F240 /* BaseHostingView.swift in Sources */ = {isa = PBXBuildFile; fileRef = E587B8E726430FC900F0F240 /* BaseHostingView.swift */; };
		E587B91F26430FC900F0F240 /* RouteHandler+Ext.swift in Sources */ = {isa = PBXBuildFile; fileRef = E587B8E826430FC900F0F240 /* RouteHandler+Ext.swift */; };
		E587B92026430FC900F0F240 /* AlertModifier.swift in Sources */ = {isa = PBXBuildFile; fileRef = E587B8E926430FC900F0F240 /* AlertModifier.swift */; };
		E587B92126430FC900F0F240 /* PresentationMethod.swift in Sources */ = {isa = PBXBuildFile; fileRef = E587B8EA26430FC900F0F240 /* PresentationMethod.swift */; };
		E587B92226430FC900F0F240 /* PresentationModifier.swift in Sources */ = {isa = PBXBuildFile; fileRef = E587B8EB26430FC900F0F240 /* PresentationModifier.swift */; };
		E587B92326430FC900F0F240 /* PresentationTriggerModifier.swift in Sources */ = {isa = PBXBuildFile; fileRef = E587B8EC26430FC900F0F240 /* PresentationTriggerModifier.swift */; };
		E587B92426430FC900F0F240 /* ActionSheetModifier.swift in Sources */ = {isa = PBXBuildFile; fileRef = E587B8ED26430FC900F0F240 /* ActionSheetModifier.swift */; };
		E587B92526430FC900F0F240 /* AboutView.swift in Sources */ = {isa = PBXBuildFile; fileRef = E587B8F026430FC900F0F240 /* AboutView.swift */; };
		E587B92626430FC900F0F240 /* AboutView+Section.swift in Sources */ = {isa = PBXBuildFile; fileRef = E587B8F126430FC900F0F240 /* AboutView+Section.swift */; };
		E587B92726430FC900F0F240 /* AboutView+Section+Item.swift in Sources */ = {isa = PBXBuildFile; fileRef = E587B8F226430FC900F0F240 /* AboutView+Section+Item.swift */; };
		E587B92826430FC900F0F240 /* WebView.swift in Sources */ = {isa = PBXBuildFile; fileRef = E587B8F426430FC900F0F240 /* WebView.swift */; };
		E587B92926430FC900F0F240 /* WebView+ViewModel.swift in Sources */ = {isa = PBXBuildFile; fileRef = E587B8F526430FC900F0F240 /* WebView+ViewModel.swift */; };
		E587B92A26430FC900F0F240 /* WebView+Script.swift in Sources */ = {isa = PBXBuildFile; fileRef = E587B8F626430FC900F0F240 /* WebView+Script.swift */; };
		E587B92E2643102C00F0F240 /* Xcore in Frameworks */ = {isa = PBXBuildFile; productRef = E587B92D2643102C00F0F240 /* Xcore */; };
		E5888A082653CA5D00FC185E /* Button+Ext.swift in Sources */ = {isa = PBXBuildFile; fileRef = E5888A072653CA5D00FC185E /* Button+Ext.swift */; };
		E5888A0A2653DF7500FC185E /* AnimatedButton.swift in Sources */ = {isa = PBXBuildFile; fileRef = E5888A092653DF7500FC185E /* AnimatedButton.swift */; };
		E5888A0C2653F9E000FC185E /* EnvironmentValues.swift in Sources */ = {isa = PBXBuildFile; fileRef = E5888A0B2653F9E000FC185E /* EnvironmentValues.swift */; };
		E5AB538C264EDD9600D993AE /* Async in Frameworks */ = {isa = PBXBuildFile; productRef = E5AB538B264EDD9600D993AE /* Async */; };
		E5AB538E264EE08600D993AE /* ContinuousProgressViewStyle.swift in Sources */ = {isa = PBXBuildFile; fileRef = E5AB538D264EE08600D993AE /* ContinuousProgressViewStyle.swift */; };
		E5C7EBAB264C5B7D00E74EEF /* LastUpdatedView.swift in Sources */ = {isa = PBXBuildFile; fileRef = E5C7EBAA264C5B7D00E74EEF /* LastUpdatedView.swift */; };
		E5C7EBB0264C758F00E74EEF /* PullToRefresh.swift in Sources */ = {isa = PBXBuildFile; fileRef = E5C7EBAF264C758F00E74EEF /* PullToRefresh.swift */; };
		E5C7EBB2264C7F5100E74EEF /* LocalizedFormatter+Abbreviation.swift in Sources */ = {isa = PBXBuildFile; fileRef = E5C7EBB1264C7F5100E74EEF /* LocalizedFormatter+Abbreviation.swift */; };
		E5CA106A2643573E008FD164 /* Defaults in Frameworks */ = {isa = PBXBuildFile; productRef = E5CA10692643573E008FD164 /* Defaults */; };
		E5CA106D2643576B008FD164 /* Defaults.swift in Sources */ = {isa = PBXBuildFile; fileRef = E5CA106C2643576B008FD164 /* Defaults.swift */; };
		E5CA1071264406B9008FD164 /* Publisher+Ext.swift in Sources */ = {isa = PBXBuildFile; fileRef = E5CA1070264406B9008FD164 /* Publisher+Ext.swift */; };
		E5CA108026459820008FD164 /* Moya.swift in Sources */ = {isa = PBXBuildFile; fileRef = E5CA107F26459820008FD164 /* Moya.swift */; };
		E5CA1083264598B0008FD164 /* Moya in Frameworks */ = {isa = PBXBuildFile; productRef = E5CA1082264598B0008FD164 /* Moya */; };
		E5CA1085264598B0008FD164 /* CombineMoya in Frameworks */ = {isa = PBXBuildFile; productRef = E5CA1084264598B0008FD164 /* CombineMoya */; };
		E5CA108726459A7D008FD164 /* APIError.swift in Sources */ = {isa = PBXBuildFile; fileRef = E5CA108626459A7D008FD164 /* APIError.swift */; };
		E5E7C4C6264944290045596E /* DoneButtonModifier.swift in Sources */ = {isa = PBXBuildFile; fileRef = E5E7C4C5264944290045596E /* DoneButtonModifier.swift */; };
		E5E7C4C8264995600045596E /* LocalizedFormatter+Sign.swift in Sources */ = {isa = PBXBuildFile; fileRef = E5E7C4C7264995600045596E /* LocalizedFormatter+Sign.swift */; };
		E5E7C4CA2649ADB00045596E /* LocalizedFormatter+Precision.swift in Sources */ = {isa = PBXBuildFile; fileRef = E5E7C4C92649ADB00045596E /* LocalizedFormatter+Precision.swift */; };
		E5EDC2BF264D82620088CDE8 /* Network+Protocols.swift in Sources */ = {isa = PBXBuildFile; fileRef = E5EDC2BE264D82620088CDE8 /* Network+Protocols.swift */; };
		E5EDC2C2264D92CE0088CDE8 /* View+Footer.swift in Sources */ = {isa = PBXBuildFile; fileRef = E5EDC2C1264D92CE0088CDE8 /* View+Footer.swift */; };
		E5EDC2C5264D956B0088CDE8 /* ToastView+Theme.swift in Sources */ = {isa = PBXBuildFile; fileRef = E5EDC2C4264D956B0088CDE8 /* ToastView+Theme.swift */; };
/* End PBXBuildFile section */

/* Begin PBXContainerItemProxy section */
		E549C71D26475B89004388C4 /* PBXContainerItemProxy */ = {
			isa = PBXContainerItemProxy;
			containerPortal = E587B89E26430F4900F0F240 /* Project object */;
			proxyType = 1;
			remoteGlobalIDString = E587B8A526430F4900F0F240;
			remoteInfo = PhantomKit;
		};
/* End PBXContainerItemProxy section */

/* Begin PBXCopyFilesBuildPhase section */
		E587B8A426430F4900F0F240 /* CopyFiles */ = {
			isa = PBXCopyFilesBuildPhase;
			buildActionMask = 2147483647;
			dstPath = "include/$(PRODUCT_NAME)";
			dstSubfolderSpec = 16;
			files = (
			);
			runOnlyForDeploymentPostprocessing = 0;
		};
/* End PBXCopyFilesBuildPhase section */

/* Begin PBXFileReference section */
		E52A312F264AE27B00017D94 /* RequestState.swift */ = {isa = PBXFileReference; lastKnownFileType = sourcecode.swift; path = RequestState.swift; sourceTree = "<group>"; };
		E52A3131264B01A300017D94 /* ToastView.swift */ = {isa = PBXFileReference; lastKnownFileType = sourcecode.swift; path = ToastView.swift; sourceTree = "<group>"; };
		E52A3133264C0C5900017D94 /* RefreshGuardian.swift */ = {isa = PBXFileReference; lastKnownFileType = sourcecode.swift; path = RefreshGuardian.swift; sourceTree = "<group>"; };
		E52A3135264C27E500017D94 /* RefreshGuardianTests.swift */ = {isa = PBXFileReference; lastKnownFileType = sourcecode.swift; path = RefreshGuardianTests.swift; sourceTree = "<group>"; };
		E549C70B2645D526004388C4 /* Logger.swift */ = {isa = PBXFileReference; lastKnownFileType = sourcecode.swift; path = Logger.swift; sourceTree = "<group>"; };
		E549C70D2646BEDF004388C4 /* Error+Ext.swift */ = {isa = PBXFileReference; lastKnownFileType = sourcecode.swift; path = "Error+Ext.swift"; sourceTree = "<group>"; };
		E549C71726475B89004388C4 /* PhantomKitTests.xctest */ = {isa = PBXFileReference; explicitFileType = wrapper.cfbundle; includeInIndex = 0; path = PhantomKitTests.xctest; sourceTree = BUILT_PRODUCTS_DIR; };
		E549C71B26475B89004388C4 /* Info.plist */ = {isa = PBXFileReference; lastKnownFileType = text.plist.xml; path = Info.plist; sourceTree = "<group>"; };
		E549C7262647CA7F004388C4 /* LocalizedFormatter.swift */ = {isa = PBXFileReference; lastKnownFileType = sourcecode.swift; path = LocalizedFormatter.swift; sourceTree = "<group>"; };
		E549C7282647CB00004388C4 /* DecimalFormatterTests.swift */ = {isa = PBXFileReference; lastKnownFileType = sourcecode.swift; path = DecimalFormatterTests.swift; sourceTree = "<group>"; };
		E549C72A2647ED5F004388C4 /* NSDecimalNumber+Ext.swift */ = {isa = PBXFileReference; lastKnownFileType = sourcecode.swift; path = "NSDecimalNumber+Ext.swift"; sourceTree = "<group>"; };
		E549C72E26484DFA004388C4 /* CurrencyFormatterTests.swift */ = {isa = PBXFileReference; lastKnownFileType = sourcecode.swift; path = CurrencyFormatterTests.swift; sourceTree = "<group>"; };
		E549C7302648515D004388C4 /* PercentFormatterTests.swift */ = {isa = PBXFileReference; lastKnownFileType = sourcecode.swift; path = PercentFormatterTests.swift; sourceTree = "<group>"; };
		E549C73526487C8A004388C4 /* LocalizedDateFormatter.swift */ = {isa = PBXFileReference; lastKnownFileType = sourcecode.swift; path = LocalizedDateFormatter.swift; sourceTree = "<group>"; };
		E549C739264895F4004388C4 /* DateFormatterTests.swift */ = {isa = PBXFileReference; lastKnownFileType = sourcecode.swift; path = DateFormatterTests.swift; sourceTree = "<group>"; };
		E55AB59A2649E9A5000D7441 /* String+Ext.swift */ = {isa = PBXFileReference; lastKnownFileType = sourcecode.swift; path = "String+Ext.swift"; sourceTree = "<group>"; };
		E55AB59C264A7775000D7441 /* Date+Ext.swift */ = {isa = PBXFileReference; lastKnownFileType = sourcecode.swift; path = "Date+Ext.swift"; sourceTree = "<group>"; };
		E55AB59E264ADA2A000D7441 /* Equatable+Ext.swift */ = {isa = PBXFileReference; lastKnownFileType = sourcecode.swift; path = "Equatable+Ext.swift"; sourceTree = "<group>"; };
		E587B8A626430F4900F0F240 /* libPhantomKit.a */ = {isa = PBXFileReference; explicitFileType = archive.ar; includeInIndex = 0; path = libPhantomKit.a; sourceTree = BUILT_PRODUCTS_DIR; };
		E587B8B226430FC900F0F240 /* Imports.swift */ = {isa = PBXFileReference; fileEncoding = 4; lastKnownFileType = sourcecode.swift; path = Imports.swift; sourceTree = "<group>"; };
		E587B8B326430FC900F0F240 /* Bundle.swift */ = {isa = PBXFileReference; fileEncoding = 4; lastKnownFileType = sourcecode.swift; path = Bundle.swift; sourceTree = "<group>"; };
		E587B8B626430FC900F0F240 /* en */ = {isa = PBXFileReference; lastKnownFileType = text.plist.strings; name = en; path = en.lproj/Localizable.strings; sourceTree = "<group>"; };
		E587B8B826430FC900F0F240 /* LocalizableStrings.swift */ = {isa = PBXFileReference; fileEncoding = 4; lastKnownFileType = sourcecode.swift; path = LocalizableStrings.swift; sourceTree = "<group>"; };
		E587B8BB26430FC900F0F240 /* WebEndpoint.swift */ = {isa = PBXFileReference; fileEncoding = 4; lastKnownFileType = sourcecode.swift; path = WebEndpoint.swift; sourceTree = "<group>"; };
		E587B8BF26430FC900F0F240 /* Set+Ext.swift */ = {isa = PBXFileReference; fileEncoding = 4; lastKnownFileType = sourcecode.swift; path = "Set+Ext.swift"; sourceTree = "<group>"; };
		E587B8C026430FC900F0F240 /* Published+Ext.swift */ = {isa = PBXFileReference; fileEncoding = 4; lastKnownFileType = sourcecode.swift; path = "Published+Ext.swift"; sourceTree = "<group>"; };
		E587B8C126430FC900F0F240 /* Theme+Ext.swift */ = {isa = PBXFileReference; fileEncoding = 4; lastKnownFileType = sourcecode.swift; path = "Theme+Ext.swift"; sourceTree = "<group>"; };
		E587B8C226430FC900F0F240 /* StoreKit+Ext.swift */ = {isa = PBXFileReference; fileEncoding = 4; lastKnownFileType = sourcecode.swift; path = "StoreKit+Ext.swift"; sourceTree = "<group>"; };
		E587B8C326430FC900F0F240 /* Array+Ext.swift */ = {isa = PBXFileReference; fileEncoding = 4; lastKnownFileType = sourcecode.swift; path = "Array+Ext.swift"; sourceTree = "<group>"; };
		E587B8C426430FC900F0F240 /* NotificationCenter+Ext.swift */ = {isa = PBXFileReference; fileEncoding = 4; lastKnownFileType = sourcecode.swift; path = "NotificationCenter+Ext.swift"; sourceTree = "<group>"; };
		E587B8C526430FC900F0F240 /* URL+Ext.swift */ = {isa = PBXFileReference; fileEncoding = 4; lastKnownFileType = sourcecode.swift; path = "URL+Ext.swift"; sourceTree = "<group>"; };
		E587B8C726430FC900F0F240 /* Constants.swift */ = {isa = PBXFileReference; fileEncoding = 4; lastKnownFileType = sourcecode.swift; path = Constants.swift; sourceTree = "<group>"; };
		E587B8CA26430FC900F0F240 /* View+Helpers.swift */ = {isa = PBXFileReference; fileEncoding = 4; lastKnownFileType = sourcecode.swift; path = "View+Helpers.swift"; sourceTree = "<group>"; };
		E587B8CB26430FC900F0F240 /* ActionSheet+Ext.swift */ = {isa = PBXFileReference; fileEncoding = 4; lastKnownFileType = sourcecode.swift; path = "ActionSheet+Ext.swift"; sourceTree = "<group>"; };
		E587B8CC26430FC900F0F240 /* Alert+Button+Ext.swift */ = {isa = PBXFileReference; fileEncoding = 4; lastKnownFileType = sourcecode.swift; path = "Alert+Button+Ext.swift"; sourceTree = "<group>"; };
		E587B8CD26430FC900F0F240 /* View+Ext.swift */ = {isa = PBXFileReference; fileEncoding = 4; lastKnownFileType = sourcecode.swift; path = "View+Ext.swift"; sourceTree = "<group>"; };
		E587B8CE26430FC900F0F240 /* CSSColor.swift */ = {isa = PBXFileReference; fileEncoding = 4; lastKnownFileType = sourcecode.swift; path = CSSColor.swift; sourceTree = "<group>"; };
		E587B8CF26430FC900F0F240 /* View+Action.swift */ = {isa = PBXFileReference; fileEncoding = 4; lastKnownFileType = sourcecode.swift; path = "View+Action.swift"; sourceTree = "<group>"; };
		E587B8D026430FC900F0F240 /* Section+Ext.swift */ = {isa = PBXFileReference; fileEncoding = 4; lastKnownFileType = sourcecode.swift; path = "Section+Ext.swift"; sourceTree = "<group>"; };
		E587B8D326430FC900F0F240 /* SplitPicker+SelectionView.swift */ = {isa = PBXFileReference; fileEncoding = 4; lastKnownFileType = sourcecode.swift; path = "SplitPicker+SelectionView.swift"; sourceTree = "<group>"; };
		E587B8D426430FC900F0F240 /* SplitPicker+Item.swift */ = {isa = PBXFileReference; fileEncoding = 4; lastKnownFileType = sourcecode.swift; path = "SplitPicker+Item.swift"; sourceTree = "<group>"; };
		E587B8D526430FC900F0F240 /* SplitPicker.swift */ = {isa = PBXFileReference; fileEncoding = 4; lastKnownFileType = sourcecode.swift; path = SplitPicker.swift; sourceTree = "<group>"; };
		E587B8D626430FC900F0F240 /* AnimatableFrameHeight.swift */ = {isa = PBXFileReference; fileEncoding = 4; lastKnownFileType = sourcecode.swift; path = AnimatableFrameHeight.swift; sourceTree = "<group>"; };
		E587B8D726430FC900F0F240 /* IconBadgeLabelStyle.swift */ = {isa = PBXFileReference; fileEncoding = 4; lastKnownFileType = sourcecode.swift; path = IconBadgeLabelStyle.swift; sourceTree = "<group>"; };
		E587B8D926430FC900F0F240 /* GradientButtonStyle.swift */ = {isa = PBXFileReference; fileEncoding = 4; lastKnownFileType = sourcecode.swift; path = GradientButtonStyle.swift; sourceTree = "<group>"; };
		E587B8DA26430FC900F0F240 /* AnyButtonStyle.swift */ = {isa = PBXFileReference; fileEncoding = 4; lastKnownFileType = sourcecode.swift; path = AnyButtonStyle.swift; sourceTree = "<group>"; };
		E587B8DB26430FC900F0F240 /* RootViewAppearance.swift */ = {isa = PBXFileReference; fileEncoding = 4; lastKnownFileType = sourcecode.swift; path = RootViewAppearance.swift; sourceTree = "<group>"; };
		E587B8DC26430FC900F0F240 /* SimpleLabelStyle.swift */ = {isa = PBXFileReference; fileEncoding = 4; lastKnownFileType = sourcecode.swift; path = SimpleLabelStyle.swift; sourceTree = "<group>"; };
		E587B8DE26430FC900F0F240 /* TabViewItem.swift */ = {isa = PBXFileReference; fileEncoding = 4; lastKnownFileType = sourcecode.swift; path = TabViewItem.swift; sourceTree = "<group>"; };
		E587B8DF26430FC900F0F240 /* TabSelectionKey.swift */ = {isa = PBXFileReference; fileEncoding = 4; lastKnownFileType = sourcecode.swift; path = TabSelectionKey.swift; sourceTree = "<group>"; };
		E587B8E026430FC900F0F240 /* SelectionTabView.swift */ = {isa = PBXFileReference; fileEncoding = 4; lastKnownFileType = sourcecode.swift; path = SelectionTabView.swift; sourceTree = "<group>"; };
		E587B8E226430FC900F0F240 /* View+Presentation.swift */ = {isa = PBXFileReference; fileEncoding = 4; lastKnownFileType = sourcecode.swift; path = "View+Presentation.swift"; sourceTree = "<group>"; };
		E587B8E426430FC900F0F240 /* BaseHostingController.swift */ = {isa = PBXFileReference; fileEncoding = 4; lastKnownFileType = sourcecode.swift; path = BaseHostingController.swift; sourceTree = "<group>"; };
		E587B8E526430FC900F0F240 /* View+Route.swift */ = {isa = PBXFileReference; fileEncoding = 4; lastKnownFileType = sourcecode.swift; path = "View+Route.swift"; sourceTree = "<group>"; };
		E587B8E626430FC900F0F240 /* Router+Route+Method.swift */ = {isa = PBXFileReference; fileEncoding = 4; lastKnownFileType = sourcecode.swift; path = "Router+Route+Method.swift"; sourceTree = "<group>"; };
		E587B8E726430FC900F0F240 /* BaseHostingView.swift */ = {isa = PBXFileReference; fileEncoding = 4; lastKnownFileType = sourcecode.swift; path = BaseHostingView.swift; sourceTree = "<group>"; };
		E587B8E826430FC900F0F240 /* RouteHandler+Ext.swift */ = {isa = PBXFileReference; fileEncoding = 4; lastKnownFileType = sourcecode.swift; path = "RouteHandler+Ext.swift"; sourceTree = "<group>"; };
		E587B8E926430FC900F0F240 /* AlertModifier.swift */ = {isa = PBXFileReference; fileEncoding = 4; lastKnownFileType = sourcecode.swift; path = AlertModifier.swift; sourceTree = "<group>"; };
		E587B8EA26430FC900F0F240 /* PresentationMethod.swift */ = {isa = PBXFileReference; fileEncoding = 4; lastKnownFileType = sourcecode.swift; path = PresentationMethod.swift; sourceTree = "<group>"; };
		E587B8EB26430FC900F0F240 /* PresentationModifier.swift */ = {isa = PBXFileReference; fileEncoding = 4; lastKnownFileType = sourcecode.swift; path = PresentationModifier.swift; sourceTree = "<group>"; };
		E587B8EC26430FC900F0F240 /* PresentationTriggerModifier.swift */ = {isa = PBXFileReference; fileEncoding = 4; lastKnownFileType = sourcecode.swift; path = PresentationTriggerModifier.swift; sourceTree = "<group>"; };
		E587B8ED26430FC900F0F240 /* ActionSheetModifier.swift */ = {isa = PBXFileReference; fileEncoding = 4; lastKnownFileType = sourcecode.swift; path = ActionSheetModifier.swift; sourceTree = "<group>"; };
		E587B8F026430FC900F0F240 /* AboutView.swift */ = {isa = PBXFileReference; fileEncoding = 4; lastKnownFileType = sourcecode.swift; path = AboutView.swift; sourceTree = "<group>"; };
		E587B8F126430FC900F0F240 /* AboutView+Section.swift */ = {isa = PBXFileReference; fileEncoding = 4; lastKnownFileType = sourcecode.swift; path = "AboutView+Section.swift"; sourceTree = "<group>"; };
		E587B8F226430FC900F0F240 /* AboutView+Section+Item.swift */ = {isa = PBXFileReference; fileEncoding = 4; lastKnownFileType = sourcecode.swift; path = "AboutView+Section+Item.swift"; sourceTree = "<group>"; };
		E587B8F426430FC900F0F240 /* WebView.swift */ = {isa = PBXFileReference; fileEncoding = 4; lastKnownFileType = sourcecode.swift; path = WebView.swift; sourceTree = "<group>"; };
		E587B8F526430FC900F0F240 /* WebView+ViewModel.swift */ = {isa = PBXFileReference; fileEncoding = 4; lastKnownFileType = sourcecode.swift; path = "WebView+ViewModel.swift"; sourceTree = "<group>"; };
		E587B8F626430FC900F0F240 /* WebView+Script.swift */ = {isa = PBXFileReference; fileEncoding = 4; lastKnownFileType = sourcecode.swift; path = "WebView+Script.swift"; sourceTree = "<group>"; };
		E5888A072653CA5D00FC185E /* Button+Ext.swift */ = {isa = PBXFileReference; lastKnownFileType = sourcecode.swift; path = "Button+Ext.swift"; sourceTree = "<group>"; };
		E5888A092653DF7500FC185E /* AnimatedButton.swift */ = {isa = PBXFileReference; lastKnownFileType = sourcecode.swift; path = AnimatedButton.swift; sourceTree = "<group>"; };
		E5888A0B2653F9E000FC185E /* EnvironmentValues.swift */ = {isa = PBXFileReference; lastKnownFileType = sourcecode.swift; path = EnvironmentValues.swift; sourceTree = "<group>"; };
		E5AB538D264EE08600D993AE /* ContinuousProgressViewStyle.swift */ = {isa = PBXFileReference; lastKnownFileType = sourcecode.swift; path = ContinuousProgressViewStyle.swift; sourceTree = "<group>"; };
		E5C7EBAA264C5B7D00E74EEF /* LastUpdatedView.swift */ = {isa = PBXFileReference; lastKnownFileType = sourcecode.swift; path = LastUpdatedView.swift; sourceTree = "<group>"; };
		E5C7EBAF264C758F00E74EEF /* PullToRefresh.swift */ = {isa = PBXFileReference; lastKnownFileType = sourcecode.swift; path = PullToRefresh.swift; sourceTree = "<group>"; };
		E5C7EBB1264C7F5100E74EEF /* LocalizedFormatter+Abbreviation.swift */ = {isa = PBXFileReference; lastKnownFileType = sourcecode.swift; path = "LocalizedFormatter+Abbreviation.swift"; sourceTree = "<group>"; };
		E5CA106C2643576B008FD164 /* Defaults.swift */ = {isa = PBXFileReference; lastKnownFileType = sourcecode.swift; path = Defaults.swift; sourceTree = "<group>"; };
		E5CA1070264406B9008FD164 /* Publisher+Ext.swift */ = {isa = PBXFileReference; lastKnownFileType = sourcecode.swift; path = "Publisher+Ext.swift"; sourceTree = "<group>"; };
		E5CA107F26459820008FD164 /* Moya.swift */ = {isa = PBXFileReference; lastKnownFileType = sourcecode.swift; path = Moya.swift; sourceTree = "<group>"; };
		E5CA108626459A7D008FD164 /* APIError.swift */ = {isa = PBXFileReference; lastKnownFileType = sourcecode.swift; path = APIError.swift; sourceTree = "<group>"; };
		E5CA108A26459D00008FD164 /* Package.swift */ = {isa = PBXFileReference; lastKnownFileType = sourcecode.swift; path = Package.swift; sourceTree = "<group>"; };
		E5E7C4C5264944290045596E /* DoneButtonModifier.swift */ = {isa = PBXFileReference; lastKnownFileType = sourcecode.swift; path = DoneButtonModifier.swift; sourceTree = "<group>"; };
		E5E7C4C7264995600045596E /* LocalizedFormatter+Sign.swift */ = {isa = PBXFileReference; lastKnownFileType = sourcecode.swift; path = "LocalizedFormatter+Sign.swift"; sourceTree = "<group>"; };
		E5E7C4C92649ADB00045596E /* LocalizedFormatter+Precision.swift */ = {isa = PBXFileReference; lastKnownFileType = sourcecode.swift; path = "LocalizedFormatter+Precision.swift"; sourceTree = "<group>"; };
		E5EDC2BE264D82620088CDE8 /* Network+Protocols.swift */ = {isa = PBXFileReference; lastKnownFileType = sourcecode.swift; path = "Network+Protocols.swift"; sourceTree = "<group>"; };
		E5EDC2C1264D92CE0088CDE8 /* View+Footer.swift */ = {isa = PBXFileReference; lastKnownFileType = sourcecode.swift; path = "View+Footer.swift"; sourceTree = "<group>"; };
		E5EDC2C4264D956B0088CDE8 /* ToastView+Theme.swift */ = {isa = PBXFileReference; lastKnownFileType = sourcecode.swift; path = "ToastView+Theme.swift"; sourceTree = "<group>"; };
/* End PBXFileReference section */

/* Begin PBXFrameworksBuildPhase section */
		E549C71426475B89004388C4 /* Frameworks */ = {
			isa = PBXFrameworksBuildPhase;
			buildActionMask = 2147483647;
			files = (
				E549C71C26475B89004388C4 /* libPhantomKit.a in Frameworks */,
				E549C72426475E05004388C4 /* Nimble in Frameworks */,
			);
			runOnlyForDeploymentPostprocessing = 0;
		};
		E587B8A326430F4900F0F240 /* Frameworks */ = {
			isa = PBXFrameworksBuildPhase;
			buildActionMask = 2147483647;
			files = (
				E5CA106A2643573E008FD164 /* Defaults in Frameworks */,
				E587B92E2643102C00F0F240 /* Xcore in Frameworks */,
				E5CA1085264598B0008FD164 /* CombineMoya in Frameworks */,
				E5CA1083264598B0008FD164 /* Moya in Frameworks */,
				E5AB538C264EDD9600D993AE /* Async in Frameworks */,
			);
			runOnlyForDeploymentPostprocessing = 0;
		};
/* End PBXFrameworksBuildPhase section */

/* Begin PBXGroup section */
		E549C71826475B89004388C4 /* Tests */ = {
			isa = PBXGroup;
			children = (
				E549C72D26484DD5004388C4 /* LocalizedFormatter */,
				E52A3135264C27E500017D94 /* RefreshGuardianTests.swift */,
				E549C71B26475B89004388C4 /* Info.plist */,
			);
			path = Tests;
			sourceTree = "<group>";
		};
		E549C7252647CA6E004388C4 /* Formatters */ = {
			isa = PBXGroup;
			children = (
				E549C7262647CA7F004388C4 /* LocalizedFormatter.swift */,
				E5C7EBB1264C7F5100E74EEF /* LocalizedFormatter+Abbreviation.swift */,
				E5E7C4C7264995600045596E /* LocalizedFormatter+Sign.swift */,
				E5E7C4C92649ADB00045596E /* LocalizedFormatter+Precision.swift */,
				E549C73526487C8A004388C4 /* LocalizedDateFormatter.swift */,
			);
			path = Formatters;
			sourceTree = "<group>";
		};
		E549C72D26484DD5004388C4 /* LocalizedFormatter */ = {
			isa = PBXGroup;
			children = (
				E549C7282647CB00004388C4 /* DecimalFormatterTests.swift */,
				E549C72E26484DFA004388C4 /* CurrencyFormatterTests.swift */,
				E549C7302648515D004388C4 /* PercentFormatterTests.swift */,
				E549C739264895F4004388C4 /* DateFormatterTests.swift */,
			);
			path = LocalizedFormatter;
			sourceTree = "<group>";
		};
		E587B89D26430F4900F0F240 = {
			isa = PBXGroup;
			children = (
				E5CA108A26459D00008FD164 /* Package.swift */,
				E587B8B026430FC900F0F240 /* Sources */,
				E549C71826475B89004388C4 /* Tests */,
				E587B8A726430F4900F0F240 /* Products */,
			);
			sourceTree = "<group>";
		};
		E587B8A726430F4900F0F240 /* Products */ = {
			isa = PBXGroup;
			children = (
				E587B8A626430F4900F0F240 /* libPhantomKit.a */,
				E549C71726475B89004388C4 /* PhantomKitTests.xctest */,
			);
			name = Products;
			sourceTree = "<group>";
		};
		E587B8B026430FC900F0F240 /* Sources */ = {
			isa = PBXGroup;
			children = (
				E587B8C626430FC900F0F240 /* Helpers */,
				E587B8B926430FC900F0F240 /* Swift */,
				E587B8C826430FC900F0F240 /* SwiftUI */,
				E5CA106B26435753008FD164 /* ThirdParty */,
				E587B8B126430FC900F0F240 /* Resources */,
			);
			path = Sources;
			sourceTree = "<group>";
		};
		E587B8B126430FC900F0F240 /* Resources */ = {
			isa = PBXGroup;
			children = (
				E587B8B226430FC900F0F240 /* Imports.swift */,
				E587B8B326430FC900F0F240 /* Bundle.swift */,
				E587B8B426430FC900F0F240 /* Localization */,
			);
			path = Resources;
			sourceTree = "<group>";
		};
		E587B8B426430FC900F0F240 /* Localization */ = {
			isa = PBXGroup;
			children = (
				E587B8B526430FC900F0F240 /* Localizable.strings */,
				E587B8B726430FC900F0F240 /* Helpers */,
			);
			path = Localization;
			sourceTree = "<group>";
		};
		E587B8B726430FC900F0F240 /* Helpers */ = {
			isa = PBXGroup;
			children = (
				E587B8B826430FC900F0F240 /* LocalizableStrings.swift */,
			);
			path = Helpers;
			sourceTree = "<group>";
		};
		E587B8B926430FC900F0F240 /* Swift */ = {
			isa = PBXGroup;
			children = (
				E5EDC2C0264D8E0A0088CDE8 /* Components */,
				E587B8BD26430FC900F0F240 /* Extensions */,
				E549C7252647CA6E004388C4 /* Formatters */,
				E587B8BA26430FC900F0F240 /* Network */,
			);
			path = Swift;
			sourceTree = "<group>";
		};
		E587B8BA26430FC900F0F240 /* Network */ = {
			isa = PBXGroup;
			children = (
				E5CA108626459A7D008FD164 /* APIError.swift */,
				E5EDC2BE264D82620088CDE8 /* Network+Protocols.swift */,
				E52A3133264C0C5900017D94 /* RefreshGuardian.swift */,
				E52A312F264AE27B00017D94 /* RequestState.swift */,
				E587B8BB26430FC900F0F240 /* WebEndpoint.swift */,
			);
			path = Network;
			sourceTree = "<group>";
		};
		E587B8BD26430FC900F0F240 /* Extensions */ = {
			isa = PBXGroup;
			children = (
				E587B8C326430FC900F0F240 /* Array+Ext.swift */,
				E55AB59C264A7775000D7441 /* Date+Ext.swift */,
				E549C70D2646BEDF004388C4 /* Error+Ext.swift */,
				E55AB59E264ADA2A000D7441 /* Equatable+Ext.swift */,
				E587B8C426430FC900F0F240 /* NotificationCenter+Ext.swift */,
				E549C72A2647ED5F004388C4 /* NSDecimalNumber+Ext.swift */,
				E587B8C026430FC900F0F240 /* Published+Ext.swift */,
				E5CA1070264406B9008FD164 /* Publisher+Ext.swift */,
				E587B8BF26430FC900F0F240 /* Set+Ext.swift */,
				E587B8C226430FC900F0F240 /* StoreKit+Ext.swift */,
				E55AB59A2649E9A5000D7441 /* String+Ext.swift */,
				E587B8C126430FC900F0F240 /* Theme+Ext.swift */,
				E587B8C526430FC900F0F240 /* URL+Ext.swift */,
			);
			path = Extensions;
			sourceTree = "<group>";
		};
		E587B8C626430FC900F0F240 /* Helpers */ = {
			isa = PBXGroup;
			children = (
				E587B8C726430FC900F0F240 /* Constants.swift */,
			);
			path = Helpers;
			sourceTree = "<group>";
		};
		E587B8C826430FC900F0F240 /* SwiftUI */ = {
			isa = PBXGroup;
			children = (
				E587B8D126430FC900F0F240 /* Components */,
				E587B8C926430FC900F0F240 /* Extensions */,
				E587B8E126430FC900F0F240 /* Routing */,
				E587B8EE26430FC900F0F240 /* Views */,
			);
			path = SwiftUI;
			sourceTree = "<group>";
		};
		E587B8C926430FC900F0F240 /* Extensions */ = {
			isa = PBXGroup;
			children = (
				E587B8CB26430FC900F0F240 /* ActionSheet+Ext.swift */,
				E587B8CC26430FC900F0F240 /* Alert+Button+Ext.swift */,
				E5888A072653CA5D00FC185E /* Button+Ext.swift */,
				E587B8D026430FC900F0F240 /* Section+Ext.swift */,
				E587B8CF26430FC900F0F240 /* View+Action.swift */,
				E587B8CD26430FC900F0F240 /* View+Ext.swift */,
				E5EDC2C1264D92CE0088CDE8 /* View+Footer.swift */,
				E587B8CA26430FC900F0F240 /* View+Helpers.swift */,
			);
			path = Extensions;
			sourceTree = "<group>";
		};
		E587B8D126430FC900F0F240 /* Components */ = {
			isa = PBXGroup;
			children = (
				E587B8D626430FC900F0F240 /* AnimatableFrameHeight.swift */,
				E5888A092653DF7500FC185E /* AnimatedButton.swift */,
				E587B8DA26430FC900F0F240 /* AnyButtonStyle.swift */,
				E5AB538D264EE08600D993AE /* ContinuousProgressViewStyle.swift */,
				E587B8CE26430FC900F0F240 /* CSSColor.swift */,
				E5E7C4C5264944290045596E /* DoneButtonModifier.swift */,
				E587B8D726430FC900F0F240 /* IconBadgeLabelStyle.swift */,
				E587B8D926430FC900F0F240 /* GradientButtonStyle.swift */,
				E5C7EBAF264C758F00E74EEF /* PullToRefresh.swift */,
				E587B8DB26430FC900F0F240 /* RootViewAppearance.swift */,
				E587B8DC26430FC900F0F240 /* SimpleLabelStyle.swift */,
				E587B8DD26430FC900F0F240 /* SelectionTabView */,
				E587B8D226430FC900F0F240 /* SplitPicker */,
				E5EDC2C3264D955C0088CDE8 /* ToastView */,
				E5888A0B2653F9E000FC185E /* EnvironmentValues.swift */,
			);
			path = Components;
			sourceTree = "<group>";
		};
		E587B8D226430FC900F0F240 /* SplitPicker */ = {
			isa = PBXGroup;
			children = (
				E587B8D526430FC900F0F240 /* SplitPicker.swift */,
				E587B8D326430FC900F0F240 /* SplitPicker+SelectionView.swift */,
				E587B8D426430FC900F0F240 /* SplitPicker+Item.swift */,
			);
			path = SplitPicker;
			sourceTree = "<group>";
		};
		E587B8DD26430FC900F0F240 /* SelectionTabView */ = {
			isa = PBXGroup;
			children = (
				E587B8E026430FC900F0F240 /* SelectionTabView.swift */,
				E587B8DE26430FC900F0F240 /* TabViewItem.swift */,
				E587B8DF26430FC900F0F240 /* TabSelectionKey.swift */,
			);
			path = SelectionTabView;
			sourceTree = "<group>";
		};
		E587B8E126430FC900F0F240 /* Routing */ = {
			isa = PBXGroup;
			children = (
				E5EDC2C8264D9A0B0088CDE8 /* Native */,
				E587B8E326430FC900F0F240 /* UIKit */,
			);
			path = Routing;
			sourceTree = "<group>";
		};
		E587B8E326430FC900F0F240 /* UIKit */ = {
			isa = PBXGroup;
			children = (
				E587B8E426430FC900F0F240 /* BaseHostingController.swift */,
				E587B8E726430FC900F0F240 /* BaseHostingView.swift */,
				E587B8E826430FC900F0F240 /* RouteHandler+Ext.swift */,
				E587B8E626430FC900F0F240 /* Router+Route+Method.swift */,
				E587B8E526430FC900F0F240 /* View+Route.swift */,
			);
			path = UIKit;
			sourceTree = "<group>";
		};
		E587B8EE26430FC900F0F240 /* Views */ = {
			isa = PBXGroup;
			children = (
				E5C7EBAA264C5B7D00E74EEF /* LastUpdatedView.swift */,
				E587B8EF26430FC900F0F240 /* AboutView */,
				E587B8F326430FC900F0F240 /* WebView */,
			);
			path = Views;
			sourceTree = "<group>";
		};
		E587B8EF26430FC900F0F240 /* AboutView */ = {
			isa = PBXGroup;
			children = (
				E587B8F026430FC900F0F240 /* AboutView.swift */,
				E587B8F126430FC900F0F240 /* AboutView+Section.swift */,
				E587B8F226430FC900F0F240 /* AboutView+Section+Item.swift */,
			);
			path = AboutView;
			sourceTree = "<group>";
		};
		E587B8F326430FC900F0F240 /* WebView */ = {
			isa = PBXGroup;
			children = (
				E587B8F426430FC900F0F240 /* WebView.swift */,
				E587B8F526430FC900F0F240 /* WebView+ViewModel.swift */,
				E587B8F626430FC900F0F240 /* WebView+Script.swift */,
			);
			path = WebView;
			sourceTree = "<group>";
		};
		E5CA106B26435753008FD164 /* ThirdParty */ = {
			isa = PBXGroup;
			children = (
				E5CA106C2643576B008FD164 /* Defaults.swift */,
				E5CA107F26459820008FD164 /* Moya.swift */,
			);
			path = ThirdParty;
			sourceTree = "<group>";
		};
		E5EDC2C0264D8E0A0088CDE8 /* Components */ = {
			isa = PBXGroup;
			children = (
				E549C70B2645D526004388C4 /* Logger.swift */,
			);
			path = Components;
			sourceTree = "<group>";
		};
		E5EDC2C3264D955C0088CDE8 /* ToastView */ = {
			isa = PBXGroup;
			children = (
				E52A3131264B01A300017D94 /* ToastView.swift */,
				E5EDC2C4264D956B0088CDE8 /* ToastView+Theme.swift */,
			);
			path = ToastView;
			sourceTree = "<group>";
		};
		E5EDC2C8264D9A0B0088CDE8 /* Native */ = {
			isa = PBXGroup;
			children = (
				E587B8ED26430FC900F0F240 /* ActionSheetModifier.swift */,
				E587B8E926430FC900F0F240 /* AlertModifier.swift */,
				E587B8EA26430FC900F0F240 /* PresentationMethod.swift */,
				E587B8EB26430FC900F0F240 /* PresentationModifier.swift */,
				E587B8EC26430FC900F0F240 /* PresentationTriggerModifier.swift */,
				E587B8E226430FC900F0F240 /* View+Presentation.swift */,
			);
			path = Native;
			sourceTree = "<group>";
		};
/* End PBXGroup section */

/* Begin PBXNativeTarget section */
		E549C71626475B89004388C4 /* PhantomKitTests */ = {
			isa = PBXNativeTarget;
			buildConfigurationList = E549C71F26475B89004388C4 /* Build configuration list for PBXNativeTarget "PhantomKitTests" */;
			buildPhases = (
				E549C71326475B89004388C4 /* Sources */,
				E549C71426475B89004388C4 /* Frameworks */,
				E549C71526475B89004388C4 /* Resources */,
			);
			buildRules = (
			);
			dependencies = (
				E549C71E26475B89004388C4 /* PBXTargetDependency */,
			);
			name = PhantomKitTests;
			packageProductDependencies = (
				E549C72326475E05004388C4 /* Nimble */,
			);
			productName = Tests;
			productReference = E549C71726475B89004388C4 /* PhantomKitTests.xctest */;
			productType = "com.apple.product-type.bundle.unit-test";
		};
		E587B8A526430F4900F0F240 /* PhantomKit */ = {
			isa = PBXNativeTarget;
			buildConfigurationList = E587B8AD26430F4900F0F240 /* Build configuration list for PBXNativeTarget "PhantomKit" */;
			buildPhases = (
				E52A3137264C58A300017D94 /* Localization - SwiftGen */,
				E587B8A226430F4900F0F240 /* Sources */,
				E587B8A326430F4900F0F240 /* Frameworks */,
				E587B8A426430F4900F0F240 /* CopyFiles */,
			);
			buildRules = (
			);
			dependencies = (
			);
			name = PhantomKit;
			packageProductDependencies = (
				E587B92D2643102C00F0F240 /* Xcore */,
				E5CA10692643573E008FD164 /* Defaults */,
				E5CA1082264598B0008FD164 /* Moya */,
				E5CA1084264598B0008FD164 /* CombineMoya */,
				E5AB538B264EDD9600D993AE /* Async */,
			);
			productName = PhantomKit;
			productReference = E587B8A626430F4900F0F240 /* libPhantomKit.a */;
			productType = "com.apple.product-type.library.static";
		};
/* End PBXNativeTarget section */

/* Begin PBXProject section */
		E587B89E26430F4900F0F240 /* Project object */ = {
			isa = PBXProject;
			attributes = {
				LastSwiftUpdateCheck = 1250;
				LastUpgradeCheck = 1250;
				ORGANIZATIONNAME = "Pawel Wiszenko";
				TargetAttributes = {
					E549C71626475B89004388C4 = {
						CreatedOnToolsVersion = 12.5;
					};
					E587B8A526430F4900F0F240 = {
						CreatedOnToolsVersion = 12.5;
					};
				};
			};
			buildConfigurationList = E587B8A126430F4900F0F240 /* Build configuration list for PBXProject "PhantomKit" */;
			compatibilityVersion = "Xcode 12.0";
			developmentRegion = en;
			hasScannedForEncodings = 0;
			knownRegions = (
				en,
				Base,
			);
			mainGroup = E587B89D26430F4900F0F240;
			packageReferences = (
				E587B92C2643102C00F0F240 /* XCRemoteSwiftPackageReference "xcore" */,
				E5CA10682643573E008FD164 /* XCRemoteSwiftPackageReference "Defaults" */,
				E5CA1081264598B0008FD164 /* XCRemoteSwiftPackageReference "Moya" */,
				E549C72226475E05004388C4 /* XCRemoteSwiftPackageReference "Nimble" */,
				E5AB538A264EDD9600D993AE /* XCRemoteSwiftPackageReference "Async" */,
			);
			productRefGroup = E587B8A726430F4900F0F240 /* Products */;
			projectDirPath = "";
			projectRoot = "";
			targets = (
				E587B8A526430F4900F0F240 /* PhantomKit */,
				E549C71626475B89004388C4 /* PhantomKitTests */,
			);
		};
/* End PBXProject section */

/* Begin PBXResourcesBuildPhase section */
		E549C71526475B89004388C4 /* Resources */ = {
			isa = PBXResourcesBuildPhase;
			buildActionMask = 2147483647;
			files = (
			);
			runOnlyForDeploymentPostprocessing = 0;
		};
/* End PBXResourcesBuildPhase section */

/* Begin PBXShellScriptBuildPhase section */
		E52A3137264C58A300017D94 /* Localization - SwiftGen */ = {
			isa = PBXShellScriptBuildPhase;
			buildActionMask = 2147483647;
			files = (
			);
			inputFileListPaths = (
			);
			inputPaths = (
			);
			name = "Localization - SwiftGen";
			outputFileListPaths = (
			);
			outputPaths = (
			);
			runOnlyForDeploymentPostprocessing = 0;
			shellPath = /bin/sh;
			shellScript = "swiftgen\n";
			showEnvVarsInLog = 0;
		};
/* End PBXShellScriptBuildPhase section */

/* Begin PBXSourcesBuildPhase section */
		E549C71326475B89004388C4 /* Sources */ = {
			isa = PBXSourcesBuildPhase;
			buildActionMask = 2147483647;
			files = (
				E52A3136264C27E500017D94 /* RefreshGuardianTests.swift in Sources */,
				E549C7292647CB00004388C4 /* DecimalFormatterTests.swift in Sources */,
				E549C73A264895F4004388C4 /* DateFormatterTests.swift in Sources */,
				E549C7312648515D004388C4 /* PercentFormatterTests.swift in Sources */,
				E549C72F26484DFA004388C4 /* CurrencyFormatterTests.swift in Sources */,
			);
			runOnlyForDeploymentPostprocessing = 0;
		};
		E587B8A226430F4900F0F240 /* Sources */ = {
			isa = PBXSourcesBuildPhase;
			buildActionMask = 2147483647;
			files = (
				E587B92326430FC900F0F240 /* PresentationTriggerModifier.swift in Sources */,
				E587B92126430FC900F0F240 /* PresentationMethod.swift in Sources */,
				E587B90226430FC900F0F240 /* StoreKit+Ext.swift in Sources */,
				E5EDC2C2264D92CE0088CDE8 /* View+Footer.swift in Sources */,
				E5AB538E264EE08600D993AE /* ContinuousProgressViewStyle.swift in Sources */,
				E55AB59D264A7775000D7441 /* Date+Ext.swift in Sources */,
				E587B91226430FC900F0F240 /* IconBadgeLabelStyle.swift in Sources */,
				E5888A0C2653F9E000FC185E /* EnvironmentValues.swift in Sources */,
				E5C7EBB2264C7F5100E74EEF /* LocalizedFormatter+Abbreviation.swift in Sources */,
				E5E7C4C6264944290045596E /* DoneButtonModifier.swift in Sources */,
				E5CA108026459820008FD164 /* Moya.swift in Sources */,
				E587B92526430FC900F0F240 /* AboutView.swift in Sources */,
				E587B90D26430FC900F0F240 /* Section+Ext.swift in Sources */,
				E52A3132264B01A300017D94 /* ToastView.swift in Sources */,
				E587B91526430FC900F0F240 /* RootViewAppearance.swift in Sources */,
				E587B90726430FC900F0F240 /* View+Helpers.swift in Sources */,
				E587B90A26430FC900F0F240 /* View+Ext.swift in Sources */,
				E587B90E26430FC900F0F240 /* SplitPicker+SelectionView.swift in Sources */,
				E587B92226430FC900F0F240 /* PresentationModifier.swift in Sources */,
				E587B8F926430FC900F0F240 /* Imports.swift in Sources */,
				E5C7EBAB264C5B7D00E74EEF /* LastUpdatedView.swift in Sources */,
				E5CA106D2643576B008FD164 /* Defaults.swift in Sources */,
				E587B90826430FC900F0F240 /* ActionSheet+Ext.swift in Sources */,
				E5E7C4C8264995600045596E /* LocalizedFormatter+Sign.swift in Sources */,
				E587B92726430FC900F0F240 /* AboutView+Section+Item.swift in Sources */,
				E587B91626430FC900F0F240 /* SimpleLabelStyle.swift in Sources */,
				E587B90426430FC900F0F240 /* NotificationCenter+Ext.swift in Sources */,
				E587B90026430FC900F0F240 /* Published+Ext.swift in Sources */,
				E587B90126430FC900F0F240 /* Theme+Ext.swift in Sources */,
				E587B8FB26430FC900F0F240 /* LocalizableStrings.swift in Sources */,
				E587B92A26430FC900F0F240 /* WebView+Script.swift in Sources */,
				E5E7C4CA2649ADB00045596E /* LocalizedFormatter+Precision.swift in Sources */,
				E587B90326430FC900F0F240 /* Array+Ext.swift in Sources */,
				E549C70E2646BEDF004388C4 /* Error+Ext.swift in Sources */,
				E587B91C26430FC900F0F240 /* View+Route.swift in Sources */,
				E587B90926430FC900F0F240 /* Alert+Button+Ext.swift in Sources */,
				E587B91B26430FC900F0F240 /* BaseHostingController.swift in Sources */,
				E587B8FA26430FC900F0F240 /* Bundle.swift in Sources */,
				E587B91F26430FC900F0F240 /* RouteHandler+Ext.swift in Sources */,
				E587B91426430FC900F0F240 /* AnyButtonStyle.swift in Sources */,
				E587B91126430FC900F0F240 /* AnimatableFrameHeight.swift in Sources */,
				E587B8FF26430FC900F0F240 /* Set+Ext.swift in Sources */,
				E52A3134264C0C5900017D94 /* RefreshGuardian.swift in Sources */,
				E55AB59B2649E9A5000D7441 /* String+Ext.swift in Sources */,
				E587B91326430FC900F0F240 /* GradientButtonStyle.swift in Sources */,
				E52A3130264AE27B00017D94 /* RequestState.swift in Sources */,
				E5C7EBB0264C758F00E74EEF /* PullToRefresh.swift in Sources */,
				E549C7272647CA7F004388C4 /* LocalizedFormatter.swift in Sources */,
				E5CA1071264406B9008FD164 /* Publisher+Ext.swift in Sources */,
				E587B91A26430FC900F0F240 /* View+Presentation.swift in Sources */,
				E5CA108726459A7D008FD164 /* APIError.swift in Sources */,
				E587B91926430FC900F0F240 /* SelectionTabView.swift in Sources */,
				E587B91D26430FC900F0F240 /* Router+Route+Method.swift in Sources */,
				E587B92826430FC900F0F240 /* WebView.swift in Sources */,
				E5888A082653CA5D00FC185E /* Button+Ext.swift in Sources */,
				E5EDC2C5264D956B0088CDE8 /* ToastView+Theme.swift in Sources */,
				E587B91826430FC900F0F240 /* TabSelectionKey.swift in Sources */,
				E587B92026430FC900F0F240 /* AlertModifier.swift in Sources */,
				E55AB59F264ADA2A000D7441 /* Equatable+Ext.swift in Sources */,
				E5888A0A2653DF7500FC185E /* AnimatedButton.swift in Sources */,
				E587B90526430FC900F0F240 /* URL+Ext.swift in Sources */,
				E587B90B26430FC900F0F240 /* CSSColor.swift in Sources */,
				E587B92926430FC900F0F240 /* WebView+ViewModel.swift in Sources */,
				E587B90C26430FC900F0F240 /* View+Action.swift in Sources */,
				E549C70C2645D526004388C4 /* Logger.swift in Sources */,
				E587B90626430FC900F0F240 /* Constants.swift in Sources */,
				E587B92626430FC900F0F240 /* AboutView+Section.swift in Sources */,
				E5EDC2BF264D82620088CDE8 /* Network+Protocols.swift in Sources */,
				E587B90F26430FC900F0F240 /* SplitPicker+Item.swift in Sources */,
				E549C72C2647F4FA004388C4 /* NSDecimalNumber+Ext.swift in Sources */,
				E587B8FC26430FC900F0F240 /* WebEndpoint.swift in Sources */,
				E549C73626487C8A004388C4 /* LocalizedDateFormatter.swift in Sources */,
				E587B91E26430FC900F0F240 /* BaseHostingView.swift in Sources */,
				E587B91726430FC900F0F240 /* TabViewItem.swift in Sources */,
				E587B91026430FC900F0F240 /* SplitPicker.swift in Sources */,
				E587B92426430FC900F0F240 /* ActionSheetModifier.swift in Sources */,
			);
			runOnlyForDeploymentPostprocessing = 0;
		};
/* End PBXSourcesBuildPhase section */

/* Begin PBXTargetDependency section */
		E549C71E26475B89004388C4 /* PBXTargetDependency */ = {
			isa = PBXTargetDependency;
			target = E587B8A526430F4900F0F240 /* PhantomKit */;
			targetProxy = E549C71D26475B89004388C4 /* PBXContainerItemProxy */;
		};
/* End PBXTargetDependency section */

/* Begin PBXVariantGroup section */
		E587B8B526430FC900F0F240 /* Localizable.strings */ = {
			isa = PBXVariantGroup;
			children = (
				E587B8B626430FC900F0F240 /* en */,
			);
			name = Localizable.strings;
			sourceTree = "<group>";
		};
/* End PBXVariantGroup section */

/* Begin XCBuildConfiguration section */
		E549C72026475B89004388C4 /* Debug */ = {
			isa = XCBuildConfiguration;
			buildSettings = {
				CODE_SIGN_STYLE = Automatic;
				DEVELOPMENT_TEAM = DMCVYHA293;
				INFOPLIST_FILE = Tests/Info.plist;
				LD_RUNPATH_SEARCH_PATHS = (
					"$(inherited)",
					"@executable_path/Frameworks",
					"@loader_path/Frameworks",
				);
				PRODUCT_BUNDLE_IDENTIFIER = com.pawelwiszenko.Tests;
				PRODUCT_NAME = "$(TARGET_NAME)";
				SWIFT_VERSION = 5.0;
				TARGETED_DEVICE_FAMILY = "1,2";
			};
			name = Debug;
		};
		E549C72126475B89004388C4 /* Release */ = {
			isa = XCBuildConfiguration;
			buildSettings = {
				CODE_SIGN_STYLE = Automatic;
				DEVELOPMENT_TEAM = DMCVYHA293;
				INFOPLIST_FILE = Tests/Info.plist;
				LD_RUNPATH_SEARCH_PATHS = (
					"$(inherited)",
					"@executable_path/Frameworks",
					"@loader_path/Frameworks",
				);
				PRODUCT_BUNDLE_IDENTIFIER = com.pawelwiszenko.Tests;
				PRODUCT_NAME = "$(TARGET_NAME)";
				SWIFT_VERSION = 5.0;
				TARGETED_DEVICE_FAMILY = "1,2";
			};
			name = Release;
		};
		E587B8AB26430F4900F0F240 /* Debug */ = {
			isa = XCBuildConfiguration;
			buildSettings = {
				ALWAYS_SEARCH_USER_PATHS = NO;
				CLANG_ANALYZER_NONNULL = YES;
				CLANG_ANALYZER_NUMBER_OBJECT_CONVERSION = YES_AGGRESSIVE;
				CLANG_CXX_LANGUAGE_STANDARD = "gnu++14";
				CLANG_CXX_LIBRARY = "libc++";
				CLANG_ENABLE_MODULES = YES;
				CLANG_ENABLE_OBJC_ARC = YES;
				CLANG_ENABLE_OBJC_WEAK = YES;
				CLANG_WARN_BLOCK_CAPTURE_AUTORELEASING = YES;
				CLANG_WARN_BOOL_CONVERSION = YES;
				CLANG_WARN_COMMA = YES;
				CLANG_WARN_CONSTANT_CONVERSION = YES;
				CLANG_WARN_DEPRECATED_OBJC_IMPLEMENTATIONS = YES;
				CLANG_WARN_DIRECT_OBJC_ISA_USAGE = YES_ERROR;
				CLANG_WARN_DOCUMENTATION_COMMENTS = YES;
				CLANG_WARN_EMPTY_BODY = YES;
				CLANG_WARN_ENUM_CONVERSION = YES;
				CLANG_WARN_INFINITE_RECURSION = YES;
				CLANG_WARN_INT_CONVERSION = YES;
				CLANG_WARN_NON_LITERAL_NULL_CONVERSION = YES;
				CLANG_WARN_OBJC_IMPLICIT_RETAIN_SELF = YES;
				CLANG_WARN_OBJC_LITERAL_CONVERSION = YES;
				CLANG_WARN_OBJC_ROOT_CLASS = YES_ERROR;
				CLANG_WARN_QUOTED_INCLUDE_IN_FRAMEWORK_HEADER = YES;
				CLANG_WARN_RANGE_LOOP_ANALYSIS = YES;
				CLANG_WARN_STRICT_PROTOTYPES = YES;
				CLANG_WARN_SUSPICIOUS_MOVE = YES;
				CLANG_WARN_UNGUARDED_AVAILABILITY = YES_AGGRESSIVE;
				CLANG_WARN_UNREACHABLE_CODE = YES;
				CLANG_WARN__DUPLICATE_METHOD_MATCH = YES;
				COPY_PHASE_STRIP = NO;
				DEBUG_INFORMATION_FORMAT = dwarf;
				ENABLE_STRICT_OBJC_MSGSEND = YES;
				ENABLE_TESTABILITY = YES;
				GCC_C_LANGUAGE_STANDARD = gnu11;
				GCC_DYNAMIC_NO_PIC = NO;
				GCC_NO_COMMON_BLOCKS = YES;
				GCC_OPTIMIZATION_LEVEL = 0;
				GCC_PREPROCESSOR_DEFINITIONS = (
					"DEBUG=1",
					"$(inherited)",
				);
				GCC_WARN_64_TO_32_BIT_CONVERSION = YES;
				GCC_WARN_ABOUT_RETURN_TYPE = YES_ERROR;
				GCC_WARN_UNDECLARED_SELECTOR = YES;
				GCC_WARN_UNINITIALIZED_AUTOS = YES_AGGRESSIVE;
				GCC_WARN_UNUSED_FUNCTION = YES;
				GCC_WARN_UNUSED_VARIABLE = YES;
				IPHONEOS_DEPLOYMENT_TARGET = 14.5;
				MTL_ENABLE_DEBUG_INFO = INCLUDE_SOURCE;
				MTL_FAST_MATH = YES;
				ONLY_ACTIVE_ARCH = YES;
				SDKROOT = iphoneos;
				SWIFT_ACTIVE_COMPILATION_CONDITIONS = DEBUG;
				SWIFT_OPTIMIZATION_LEVEL = "-Onone";
			};
			name = Debug;
		};
		E587B8AC26430F4900F0F240 /* Release */ = {
			isa = XCBuildConfiguration;
			buildSettings = {
				ALWAYS_SEARCH_USER_PATHS = NO;
				CLANG_ANALYZER_NONNULL = YES;
				CLANG_ANALYZER_NUMBER_OBJECT_CONVERSION = YES_AGGRESSIVE;
				CLANG_CXX_LANGUAGE_STANDARD = "gnu++14";
				CLANG_CXX_LIBRARY = "libc++";
				CLANG_ENABLE_MODULES = YES;
				CLANG_ENABLE_OBJC_ARC = YES;
				CLANG_ENABLE_OBJC_WEAK = YES;
				CLANG_WARN_BLOCK_CAPTURE_AUTORELEASING = YES;
				CLANG_WARN_BOOL_CONVERSION = YES;
				CLANG_WARN_COMMA = YES;
				CLANG_WARN_CONSTANT_CONVERSION = YES;
				CLANG_WARN_DEPRECATED_OBJC_IMPLEMENTATIONS = YES;
				CLANG_WARN_DIRECT_OBJC_ISA_USAGE = YES_ERROR;
				CLANG_WARN_DOCUMENTATION_COMMENTS = YES;
				CLANG_WARN_EMPTY_BODY = YES;
				CLANG_WARN_ENUM_CONVERSION = YES;
				CLANG_WARN_INFINITE_RECURSION = YES;
				CLANG_WARN_INT_CONVERSION = YES;
				CLANG_WARN_NON_LITERAL_NULL_CONVERSION = YES;
				CLANG_WARN_OBJC_IMPLICIT_RETAIN_SELF = YES;
				CLANG_WARN_OBJC_LITERAL_CONVERSION = YES;
				CLANG_WARN_OBJC_ROOT_CLASS = YES_ERROR;
				CLANG_WARN_QUOTED_INCLUDE_IN_FRAMEWORK_HEADER = YES;
				CLANG_WARN_RANGE_LOOP_ANALYSIS = YES;
				CLANG_WARN_STRICT_PROTOTYPES = YES;
				CLANG_WARN_SUSPICIOUS_MOVE = YES;
				CLANG_WARN_UNGUARDED_AVAILABILITY = YES_AGGRESSIVE;
				CLANG_WARN_UNREACHABLE_CODE = YES;
				CLANG_WARN__DUPLICATE_METHOD_MATCH = YES;
				COPY_PHASE_STRIP = NO;
				DEBUG_INFORMATION_FORMAT = "dwarf-with-dsym";
				ENABLE_NS_ASSERTIONS = NO;
				ENABLE_STRICT_OBJC_MSGSEND = YES;
				GCC_C_LANGUAGE_STANDARD = gnu11;
				GCC_NO_COMMON_BLOCKS = YES;
				GCC_WARN_64_TO_32_BIT_CONVERSION = YES;
				GCC_WARN_ABOUT_RETURN_TYPE = YES_ERROR;
				GCC_WARN_UNDECLARED_SELECTOR = YES;
				GCC_WARN_UNINITIALIZED_AUTOS = YES_AGGRESSIVE;
				GCC_WARN_UNUSED_FUNCTION = YES;
				GCC_WARN_UNUSED_VARIABLE = YES;
				IPHONEOS_DEPLOYMENT_TARGET = 14.5;
				MTL_ENABLE_DEBUG_INFO = NO;
				MTL_FAST_MATH = YES;
				SDKROOT = iphoneos;
				SWIFT_COMPILATION_MODE = wholemodule;
				SWIFT_OPTIMIZATION_LEVEL = "-O";
				VALIDATE_PRODUCT = YES;
			};
			name = Release;
		};
		E587B8AE26430F4900F0F240 /* Debug */ = {
			isa = XCBuildConfiguration;
			buildSettings = {
				CODE_SIGN_STYLE = Automatic;
				DEVELOPMENT_TEAM = DMCVYHA293;
				OTHER_LDFLAGS = "-ObjC";
				PRODUCT_NAME = "$(TARGET_NAME)";
				SKIP_INSTALL = YES;
				SWIFT_VERSION = 5.0;
				TARGETED_DEVICE_FAMILY = "1,2";
			};
			name = Debug;
		};
		E587B8AF26430F4900F0F240 /* Release */ = {
			isa = XCBuildConfiguration;
			buildSettings = {
				CODE_SIGN_STYLE = Automatic;
				DEVELOPMENT_TEAM = DMCVYHA293;
				OTHER_LDFLAGS = "-ObjC";
				PRODUCT_NAME = "$(TARGET_NAME)";
				SKIP_INSTALL = YES;
				SWIFT_VERSION = 5.0;
				TARGETED_DEVICE_FAMILY = "1,2";
			};
			name = Release;
		};
/* End XCBuildConfiguration section */

/* Begin XCConfigurationList section */
		E549C71F26475B89004388C4 /* Build configuration list for PBXNativeTarget "PhantomKitTests" */ = {
			isa = XCConfigurationList;
			buildConfigurations = (
				E549C72026475B89004388C4 /* Debug */,
				E549C72126475B89004388C4 /* Release */,
			);
			defaultConfigurationIsVisible = 0;
			defaultConfigurationName = Release;
		};
		E587B8A126430F4900F0F240 /* Build configuration list for PBXProject "PhantomKit" */ = {
			isa = XCConfigurationList;
			buildConfigurations = (
				E587B8AB26430F4900F0F240 /* Debug */,
				E587B8AC26430F4900F0F240 /* Release */,
			);
			defaultConfigurationIsVisible = 0;
			defaultConfigurationName = Release;
		};
		E587B8AD26430F4900F0F240 /* Build configuration list for PBXNativeTarget "PhantomKit" */ = {
			isa = XCConfigurationList;
			buildConfigurations = (
				E587B8AE26430F4900F0F240 /* Debug */,
				E587B8AF26430F4900F0F240 /* Release */,
			);
			defaultConfigurationIsVisible = 0;
			defaultConfigurationName = Release;
		};
/* End XCConfigurationList section */

/* Begin XCRemoteSwiftPackageReference section */
		E549C72226475E05004388C4 /* XCRemoteSwiftPackageReference "Nimble" */ = {
			isa = XCRemoteSwiftPackageReference;
			repositoryURL = "https://github.com/Quick/Nimble.git";
			requirement = {
				kind = upToNextMajorVersion;
				minimumVersion = 9.1.0;
			};
		};
		E587B92C2643102C00F0F240 /* XCRemoteSwiftPackageReference "xcore" */ = {
			isa = XCRemoteSwiftPackageReference;
			repositoryURL = "https://github.com/pawello2222/xcore";
			requirement = {
				branch = phantomKit;
				kind = branch;
			};
		};
		E5AB538A264EDD9600D993AE /* XCRemoteSwiftPackageReference "Async" */ = {
			isa = XCRemoteSwiftPackageReference;
			repositoryURL = "https://github.com/duemunk/Async";
			requirement = {
				kind = upToNextMajorVersion;
				minimumVersion = 2.1.0;
			};
		};
		E5CA10682643573E008FD164 /* XCRemoteSwiftPackageReference "Defaults" */ = {
			isa = XCRemoteSwiftPackageReference;
			repositoryURL = "https://github.com/sindresorhus/Defaults";
			requirement = {
				kind = upToNextMajorVersion;
				minimumVersion = 4.2.2;
			};
		};
		E5CA1081264598B0008FD164 /* XCRemoteSwiftPackageReference "Moya" */ = {
			isa = XCRemoteSwiftPackageReference;
			repositoryURL = "https://github.com/Moya/Moya";
			requirement = {
				kind = exactVersion;
				version = "15.0.0-alpha.1";
			};
		};
/* End XCRemoteSwiftPackageReference section */

/* Begin XCSwiftPackageProductDependency section */
		E549C72326475E05004388C4 /* Nimble */ = {
			isa = XCSwiftPackageProductDependency;
			package = E549C72226475E05004388C4 /* XCRemoteSwiftPackageReference "Nimble" */;
			productName = Nimble;
		};
		E587B92D2643102C00F0F240 /* Xcore */ = {
			isa = XCSwiftPackageProductDependency;
			package = E587B92C2643102C00F0F240 /* XCRemoteSwiftPackageReference "xcore" */;
			productName = Xcore;
		};
		E5AB538B264EDD9600D993AE /* Async */ = {
			isa = XCSwiftPackageProductDependency;
			package = E5AB538A264EDD9600D993AE /* XCRemoteSwiftPackageReference "Async" */;
			productName = Async;
		};
		E5CA10692643573E008FD164 /* Defaults */ = {
			isa = XCSwiftPackageProductDependency;
			package = E5CA10682643573E008FD164 /* XCRemoteSwiftPackageReference "Defaults" */;
			productName = Defaults;
		};
		E5CA1082264598B0008FD164 /* Moya */ = {
			isa = XCSwiftPackageProductDependency;
			package = E5CA1081264598B0008FD164 /* XCRemoteSwiftPackageReference "Moya" */;
			productName = Moya;
		};
		E5CA1084264598B0008FD164 /* CombineMoya */ = {
			isa = XCSwiftPackageProductDependency;
			package = E5CA1081264598B0008FD164 /* XCRemoteSwiftPackageReference "Moya" */;
			productName = CombineMoya;
		};
/* End XCSwiftPackageProductDependency section */
	};
	rootObject = E587B89E26430F4900F0F240 /* Project object */;
}
