// !$*UTF8*$!
{
	archiveVersion = 1;
	classes = {
	};
	objectVersion = 46;
	objects = {

/* Begin PBXBuildFile section */
		607FACEC1AFB9204008FA782 /* Tests.swift in Sources */ = {isa = PBXBuildFile; fileRef = 607FACEB1AFB9204008FA782 /* Tests.swift */; };
		75B5BC437565B7DC4485B6AA /* Pods_PhantomKit_Tests.framework in Frameworks */ = {isa = PBXBuildFile; fileRef = D7318C57AC9C359D1170CA3F /* Pods_PhantomKit_Tests.framework */; };
		E52D631C263D6BD200F41D2E /* WebView+Script.swift in Sources */ = {isa = PBXBuildFile; fileRef = E52D631B263D6BD200F41D2E /* WebView+Script.swift */; };
		E54631F92630B244007E7F6A /* PhantomKit.swift in Sources */ = {isa = PBXBuildFile; fileRef = E54631F82630B244007E7F6A /* PhantomKit.swift */; };
		E54631FE2630B24B007E7F6A /* View+Ext.swift in Sources */ = {isa = PBXBuildFile; fileRef = E54631FD2630B24B007E7F6A /* View+Ext.swift */; };
		E54632292630C2C2007E7F6A /* Array+Ext.swift in Sources */ = {isa = PBXBuildFile; fileRef = E54632282630C2C1007E7F6A /* Array+Ext.swift */; };
		E54632312630C5AF007E7F6A /* Set+Ext.swift in Sources */ = {isa = PBXBuildFile; fileRef = E54632302630C5AF007E7F6A /* Set+Ext.swift */; };
		E54632382630CB12007E7F6A /* WebView.swift in Sources */ = {isa = PBXBuildFile; fileRef = E54632372630CB12007E7F6A /* WebView.swift */; };
		E546324F2631CA06007E7F6A /* AboutView.swift in Sources */ = {isa = PBXBuildFile; fileRef = E546324E2631CA06007E7F6A /* AboutView.swift */; };
		E54632582631CC51007E7F6A /* Calendar+Ext.swift in Sources */ = {isa = PBXBuildFile; fileRef = E54632572631CC51007E7F6A /* Calendar+Ext.swift */; };
		E5463295263209B4007E7F6A /* Router+Ext.swift in Sources */ = {isa = PBXBuildFile; fileRef = E5463294263209B4007E7F6A /* Router+Ext.swift */; };
		E5A0388C2634014200488F6C /* Router+Route+Method.swift in Sources */ = {isa = PBXBuildFile; fileRef = E5A0388B2634014200488F6C /* Router+Route+Method.swift */; };
		E5A0389F263428E900488F6C /* BaseHostingView.swift in Sources */ = {isa = PBXBuildFile; fileRef = E5A0389E263428E900488F6C /* BaseHostingView.swift */; };
		E5A038A62634296F00488F6C /* BaseHostingController.swift in Sources */ = {isa = PBXBuildFile; fileRef = E5A038A52634296F00488F6C /* BaseHostingController.swift */; };
		E5A038D92635A69500488F6C /* View+Route.swift in Sources */ = {isa = PBXBuildFile; fileRef = E5A038D82635A69500488F6C /* View+Route.swift */; };
		E5A038DF2635E97300488F6C /* AboutView+Section.swift in Sources */ = {isa = PBXBuildFile; fileRef = E5A038DE2635E97300488F6C /* AboutView+Section.swift */; };
		E5A038E22635E9B300488F6C /* AboutView+Section+Item.swift in Sources */ = {isa = PBXBuildFile; fileRef = E5A038E12635E9B300488F6C /* AboutView+Section+Item.swift */; };
		E5A038FC26360E3100488F6C /* View+Presentation.swift in Sources */ = {isa = PBXBuildFile; fileRef = E5A038FB26360E3100488F6C /* View+Presentation.swift */; };
		E5A0390026360E4E00488F6C /* PresentationMethod.swift in Sources */ = {isa = PBXBuildFile; fileRef = E5A038FF26360E4E00488F6C /* PresentationMethod.swift */; };
		E5A0390926360F4900488F6C /* WebView+ViewModel.swift in Sources */ = {isa = PBXBuildFile; fileRef = E5A0390826360F4900488F6C /* WebView+ViewModel.swift */; };
		E5A0391E263703FB00488F6C /* PresentationModifier.swift in Sources */ = {isa = PBXBuildFile; fileRef = E5A0391D263703FB00488F6C /* PresentationModifier.swift */; };
		E5A039222637042E00488F6C /* AnyButtonStyle.swift in Sources */ = {isa = PBXBuildFile; fileRef = E5A039212637042E00488F6C /* AnyButtonStyle.swift */; };
		E5A0392726370DBA00488F6C /* GradientButtonStyle.swift in Sources */ = {isa = PBXBuildFile; fileRef = E5A0392626370DBA00488F6C /* GradientButtonStyle.swift */; };
		E5A0393D26373AE100488F6C /* StoreKit+Ext.swift in Sources */ = {isa = PBXBuildFile; fileRef = E5A0393C26373AE100488F6C /* StoreKit+Ext.swift */; };
		E5A0394E26374E1200488F6C /* ExtendedLabel.swift in Sources */ = {isa = PBXBuildFile; fileRef = E5A0394D26374E1200488F6C /* ExtendedLabel.swift */; };
		E5A03951263750C300488F6C /* Constants.swift in Sources */ = {isa = PBXBuildFile; fileRef = E5A03950263750C300488F6C /* Constants.swift */; };
		E5A0398A2638A01300488F6C /* Color+Colorful.swift in Sources */ = {isa = PBXBuildFile; fileRef = E5A039892638A01300488F6C /* Color+Colorful.swift */; };
		E5A0399F26394F7100488F6C /* Theme+Ext.swift in Sources */ = {isa = PBXBuildFile; fileRef = E5A0399E26394F7000488F6C /* Theme+Ext.swift */; };
		E5A039CB2639C3EA00488F6C /* SimpleLabel.swift in Sources */ = {isa = PBXBuildFile; fileRef = E5A039CA2639C3EA00488F6C /* SimpleLabel.swift */; };
		E5A039D62639CF7B00488F6C /* WebResource.swift in Sources */ = {isa = PBXBuildFile; fileRef = E5A039D52639CF7B00488F6C /* WebResource.swift */; };
		E5A039E42639DF8C00488F6C /* AnimatableFrameHeight.swift in Sources */ = {isa = PBXBuildFile; fileRef = E5A039E32639DF8C00488F6C /* AnimatableFrameHeight.swift */; };
		E5A03A19263B5E8900488F6C /* View+Helpers.swift in Sources */ = {isa = PBXBuildFile; fileRef = E5A03A18263B5E8800488F6C /* View+Helpers.swift */; };
		E5A03A23263B60E500488F6C /* View+Action.swift in Sources */ = {isa = PBXBuildFile; fileRef = E5A03A22263B60E500488F6C /* View+Action.swift */; };
		E5A03A51263C2E8500488F6C /* URL+Ext.swift in Sources */ = {isa = PBXBuildFile; fileRef = E5A03A50263C2E8500488F6C /* URL+Ext.swift */; };
		E5A03A5F263C34A200488F6C /* WebEndpoint.swift in Sources */ = {isa = PBXBuildFile; fileRef = E5A03A5E263C34A200488F6C /* WebEndpoint.swift */; };
/* End PBXBuildFile section */

/* Begin PBXFileReference section */
		048555403FBA0E5722452339 /* Pods-PhantomKit_Tests.release.xcconfig */ = {isa = PBXFileReference; includeInIndex = 1; lastKnownFileType = text.xcconfig; name = "Pods-PhantomKit_Tests.release.xcconfig"; path = "Target Support Files/Pods-PhantomKit_Tests/Pods-PhantomKit_Tests.release.xcconfig"; sourceTree = "<group>"; };
		5F41954F7B7B6F2C95B024FA /* Pods-PhantomKit_Tests.debug.xcconfig */ = {isa = PBXFileReference; includeInIndex = 1; lastKnownFileType = text.xcconfig; name = "Pods-PhantomKit_Tests.debug.xcconfig"; path = "Target Support Files/Pods-PhantomKit_Tests/Pods-PhantomKit_Tests.debug.xcconfig"; sourceTree = "<group>"; };
		607FACE51AFB9204008FA782 /* PhantomKit_Tests.xctest */ = {isa = PBXFileReference; explicitFileType = wrapper.cfbundle; includeInIndex = 0; path = PhantomKit_Tests.xctest; sourceTree = BUILT_PRODUCTS_DIR; };
		607FACEA1AFB9204008FA782 /* Info.plist */ = {isa = PBXFileReference; lastKnownFileType = text.plist.xml; path = Info.plist; sourceTree = "<group>"; };
		607FACEB1AFB9204008FA782 /* Tests.swift */ = {isa = PBXFileReference; lastKnownFileType = sourcecode.swift; path = Tests.swift; sourceTree = "<group>"; };
		D7318C57AC9C359D1170CA3F /* Pods_PhantomKit_Tests.framework */ = {isa = PBXFileReference; explicitFileType = wrapper.framework; includeInIndex = 0; path = Pods_PhantomKit_Tests.framework; sourceTree = BUILT_PRODUCTS_DIR; };
		E52D631B263D6BD200F41D2E /* WebView+Script.swift */ = {isa = PBXFileReference; lastKnownFileType = sourcecode.swift; path = "WebView+Script.swift"; sourceTree = "<group>"; };
		E54631F82630B244007E7F6A /* PhantomKit.swift */ = {isa = PBXFileReference; fileEncoding = 4; lastKnownFileType = sourcecode.swift; path = PhantomKit.swift; sourceTree = "<group>"; };
		E54631FD2630B24B007E7F6A /* View+Ext.swift */ = {isa = PBXFileReference; fileEncoding = 4; lastKnownFileType = sourcecode.swift; path = "View+Ext.swift"; sourceTree = "<group>"; };
		E54632282630C2C1007E7F6A /* Array+Ext.swift */ = {isa = PBXFileReference; lastKnownFileType = sourcecode.swift; path = "Array+Ext.swift"; sourceTree = "<group>"; };
		E54632302630C5AF007E7F6A /* Set+Ext.swift */ = {isa = PBXFileReference; lastKnownFileType = sourcecode.swift; path = "Set+Ext.swift"; sourceTree = "<group>"; };
		E54632372630CB12007E7F6A /* WebView.swift */ = {isa = PBXFileReference; lastKnownFileType = sourcecode.swift; path = WebView.swift; sourceTree = "<group>"; };
		E546324E2631CA06007E7F6A /* AboutView.swift */ = {isa = PBXFileReference; lastKnownFileType = sourcecode.swift; path = AboutView.swift; sourceTree = "<group>"; };
		E54632572631CC51007E7F6A /* Calendar+Ext.swift */ = {isa = PBXFileReference; lastKnownFileType = sourcecode.swift; path = "Calendar+Ext.swift"; sourceTree = "<group>"; };
		E5463294263209B4007E7F6A /* Router+Ext.swift */ = {isa = PBXFileReference; lastKnownFileType = sourcecode.swift; path = "Router+Ext.swift"; sourceTree = "<group>"; };
		E5A0388B2634014200488F6C /* Router+Route+Method.swift */ = {isa = PBXFileReference; lastKnownFileType = sourcecode.swift; path = "Router+Route+Method.swift"; sourceTree = "<group>"; };
		E5A0389E263428E900488F6C /* BaseHostingView.swift */ = {isa = PBXFileReference; lastKnownFileType = sourcecode.swift; path = BaseHostingView.swift; sourceTree = "<group>"; };
		E5A038A52634296F00488F6C /* BaseHostingController.swift */ = {isa = PBXFileReference; lastKnownFileType = sourcecode.swift; path = BaseHostingController.swift; sourceTree = "<group>"; };
		E5A038D82635A69500488F6C /* View+Route.swift */ = {isa = PBXFileReference; lastKnownFileType = sourcecode.swift; path = "View+Route.swift"; sourceTree = "<group>"; };
		E5A038DE2635E97300488F6C /* AboutView+Section.swift */ = {isa = PBXFileReference; lastKnownFileType = sourcecode.swift; path = "AboutView+Section.swift"; sourceTree = "<group>"; };
		E5A038E12635E9B300488F6C /* AboutView+Section+Item.swift */ = {isa = PBXFileReference; lastKnownFileType = sourcecode.swift; path = "AboutView+Section+Item.swift"; sourceTree = "<group>"; };
		E5A038FB26360E3100488F6C /* View+Presentation.swift */ = {isa = PBXFileReference; lastKnownFileType = sourcecode.swift; path = "View+Presentation.swift"; sourceTree = "<group>"; };
		E5A038FF26360E4E00488F6C /* PresentationMethod.swift */ = {isa = PBXFileReference; lastKnownFileType = sourcecode.swift; path = PresentationMethod.swift; sourceTree = "<group>"; };
		E5A0390826360F4900488F6C /* WebView+ViewModel.swift */ = {isa = PBXFileReference; lastKnownFileType = sourcecode.swift; path = "WebView+ViewModel.swift"; sourceTree = "<group>"; };
		E5A0391D263703FB00488F6C /* PresentationModifier.swift */ = {isa = PBXFileReference; lastKnownFileType = sourcecode.swift; path = PresentationModifier.swift; sourceTree = "<group>"; };
		E5A039212637042E00488F6C /* AnyButtonStyle.swift */ = {isa = PBXFileReference; lastKnownFileType = sourcecode.swift; path = AnyButtonStyle.swift; sourceTree = "<group>"; };
		E5A0392626370DBA00488F6C /* GradientButtonStyle.swift */ = {isa = PBXFileReference; lastKnownFileType = sourcecode.swift; path = GradientButtonStyle.swift; sourceTree = "<group>"; };
		E5A0393C26373AE100488F6C /* StoreKit+Ext.swift */ = {isa = PBXFileReference; lastKnownFileType = sourcecode.swift; path = "StoreKit+Ext.swift"; sourceTree = "<group>"; };
		E5A0394D26374E1200488F6C /* ExtendedLabel.swift */ = {isa = PBXFileReference; lastKnownFileType = sourcecode.swift; path = ExtendedLabel.swift; sourceTree = "<group>"; };
		E5A03950263750C300488F6C /* Constants.swift */ = {isa = PBXFileReference; lastKnownFileType = sourcecode.swift; path = Constants.swift; sourceTree = "<group>"; };
		E5A039892638A01300488F6C /* Color+Colorful.swift */ = {isa = PBXFileReference; lastKnownFileType = sourcecode.swift; path = "Color+Colorful.swift"; sourceTree = "<group>"; };
		E5A0399E26394F7000488F6C /* Theme+Ext.swift */ = {isa = PBXFileReference; lastKnownFileType = sourcecode.swift; path = "Theme+Ext.swift"; sourceTree = "<group>"; };
		E5A039CA2639C3EA00488F6C /* SimpleLabel.swift */ = {isa = PBXFileReference; lastKnownFileType = sourcecode.swift; path = SimpleLabel.swift; sourceTree = "<group>"; };
		E5A039D52639CF7B00488F6C /* WebResource.swift */ = {isa = PBXFileReference; lastKnownFileType = sourcecode.swift; path = WebResource.swift; sourceTree = "<group>"; };
		E5A039E32639DF8C00488F6C /* AnimatableFrameHeight.swift */ = {isa = PBXFileReference; lastKnownFileType = sourcecode.swift; path = AnimatableFrameHeight.swift; sourceTree = "<group>"; };
		E5A03A18263B5E8800488F6C /* View+Helpers.swift */ = {isa = PBXFileReference; lastKnownFileType = sourcecode.swift; path = "View+Helpers.swift"; sourceTree = "<group>"; };
		E5A03A22263B60E500488F6C /* View+Action.swift */ = {isa = PBXFileReference; lastKnownFileType = sourcecode.swift; path = "View+Action.swift"; sourceTree = "<group>"; };
		E5A03A50263C2E8500488F6C /* URL+Ext.swift */ = {isa = PBXFileReference; lastKnownFileType = sourcecode.swift; path = "URL+Ext.swift"; sourceTree = "<group>"; };
		E5A03A5E263C34A200488F6C /* WebEndpoint.swift */ = {isa = PBXFileReference; lastKnownFileType = sourcecode.swift; path = WebEndpoint.swift; sourceTree = "<group>"; };
/* End PBXFileReference section */

/* Begin PBXFrameworksBuildPhase section */
		607FACE21AFB9204008FA782 /* Frameworks */ = {
			isa = PBXFrameworksBuildPhase;
			buildActionMask = 2147483647;
			files = (
				75B5BC437565B7DC4485B6AA /* Pods_PhantomKit_Tests.framework in Frameworks */,
			);
			runOnlyForDeploymentPostprocessing = 0;
		};
/* End PBXFrameworksBuildPhase section */

/* Begin PBXGroup section */
		147F12A60702D62ABE6C168D /* Frameworks */ = {
			isa = PBXGroup;
			children = (
				D7318C57AC9C359D1170CA3F /* Pods_PhantomKit_Tests.framework */,
			);
			name = Frameworks;
			sourceTree = "<group>";
		};
		2C7CAB1E81C087C9BF9B3DD5 /* Pods */ = {
			isa = PBXGroup;
			children = (
				5F41954F7B7B6F2C95B024FA /* Pods-PhantomKit_Tests.debug.xcconfig */,
				048555403FBA0E5722452339 /* Pods-PhantomKit_Tests.release.xcconfig */,
			);
			path = Pods;
			sourceTree = "<group>";
		};
		607FACC71AFB9204008FA782 = {
			isa = PBXGroup;
			children = (
				E54631F52630B1BD007E7F6A /* Sources */,
				607FACE81AFB9204008FA782 /* Tests */,
				607FACD11AFB9204008FA782 /* Products */,
				2C7CAB1E81C087C9BF9B3DD5 /* Pods */,
				147F12A60702D62ABE6C168D /* Frameworks */,
			);
			sourceTree = "<group>";
		};
		607FACD11AFB9204008FA782 /* Products */ = {
			isa = PBXGroup;
			children = (
				607FACE51AFB9204008FA782 /* PhantomKit_Tests.xctest */,
			);
			name = Products;
			sourceTree = "<group>";
		};
		607FACE81AFB9204008FA782 /* Tests */ = {
			isa = PBXGroup;
			children = (
				607FACEB1AFB9204008FA782 /* Tests.swift */,
				607FACE91AFB9204008FA782 /* Supporting Files */,
			);
			path = Tests;
			sourceTree = "<group>";
		};
		607FACE91AFB9204008FA782 /* Supporting Files */ = {
			isa = PBXGroup;
			children = (
				607FACEA1AFB9204008FA782 /* Info.plist */,
			);
			name = "Supporting Files";
			sourceTree = "<group>";
		};
		E54631F52630B1BD007E7F6A /* Sources */ = {
			isa = PBXGroup;
			children = (
				E54632272630C284007E7F6A /* Swift */,
				E54631FC2630B24B007E7F6A /* SwiftUI */,
				E54631F72630B244007E7F6A /* Supporting Files */,
			);
			path = Sources;
			sourceTree = "<group>";
		};
		E54631F72630B244007E7F6A /* Supporting Files */ = {
			isa = PBXGroup;
			children = (
				E5A03950263750C300488F6C /* Constants.swift */,
				E54631F82630B244007E7F6A /* PhantomKit.swift */,
			);
			path = "Supporting Files";
			sourceTree = "<group>";
		};
		E54631FC2630B24B007E7F6A /* SwiftUI */ = {
			isa = PBXGroup;
			children = (
				E54632482631C955007E7F6A /* Components */,
				E5A038FA26360DFA00488F6C /* Routing */,
				E54632492631C987007E7F6A /* Extensions */,
				E546324D2631C9AF007E7F6A /* Views */,
			);
			path = SwiftUI;
			sourceTree = "<group>";
		};
		E54632272630C284007E7F6A /* Swift */ = {
			isa = PBXGroup;
			children = (
				E5A039D42639CF6C00488F6C /* Network */,
				E54632452631C8D1007E7F6A /* Extensions */,
			);
			path = Swift;
			sourceTree = "<group>";
		};
		E54632452631C8D1007E7F6A /* Extensions */ = {
			isa = PBXGroup;
			children = (
				E54632282630C2C1007E7F6A /* Array+Ext.swift */,
				E54632572631CC51007E7F6A /* Calendar+Ext.swift */,
				E54632302630C5AF007E7F6A /* Set+Ext.swift */,
				E5A0393C26373AE100488F6C /* StoreKit+Ext.swift */,
				E5A0399E26394F7000488F6C /* Theme+Ext.swift */,
				E5A03A50263C2E8500488F6C /* URL+Ext.swift */,
			);
			path = Extensions;
			sourceTree = "<group>";
		};
		E54632482631C955007E7F6A /* Components */ = {
			isa = PBXGroup;
			children = (
				E5A039E32639DF8C00488F6C /* AnimatableFrameHeight.swift */,
				E5A039CA2639C3EA00488F6C /* SimpleLabel.swift */,
				E5A0394D26374E1200488F6C /* ExtendedLabel.swift */,
				E5A039202637042500488F6C /* Styles */,
			);
			path = Components;
			sourceTree = "<group>";
		};
		E54632492631C987007E7F6A /* Extensions */ = {
			isa = PBXGroup;
			children = (
				E5A039892638A01300488F6C /* Color+Colorful.swift */,
				E5A03A22263B60E500488F6C /* View+Action.swift */,
				E54631FD2630B24B007E7F6A /* View+Ext.swift */,
				E5A03A18263B5E8800488F6C /* View+Helpers.swift */,
				E5A038FB26360E3100488F6C /* View+Presentation.swift */,
			);
			path = Extensions;
			sourceTree = "<group>";
		};
		E546324D2631C9AF007E7F6A /* Views */ = {
			isa = PBXGroup;
			children = (
				E5A0390626360F2600488F6C /* AboutView */,
				E5A0390726360F3500488F6C /* WebView */,
			);
			path = Views;
			sourceTree = "<group>";
		};
		E5A038FA26360DFA00488F6C /* Routing */ = {
			isa = PBXGroup;
			children = (
				E5A0390326360EB500488F6C /* UIKit */,
				E5A038FF26360E4E00488F6C /* PresentationMethod.swift */,
				E5A0391D263703FB00488F6C /* PresentationModifier.swift */,
			);
			path = Routing;
			sourceTree = "<group>";
		};
		E5A0390326360EB500488F6C /* UIKit */ = {
			isa = PBXGroup;
			children = (
				E5A038A52634296F00488F6C /* BaseHostingController.swift */,
				E5A0389E263428E900488F6C /* BaseHostingView.swift */,
				E5463294263209B4007E7F6A /* Router+Ext.swift */,
				E5A0388B2634014200488F6C /* Router+Route+Method.swift */,
				E5A038D82635A69500488F6C /* View+Route.swift */,
			);
			path = UIKit;
			sourceTree = "<group>";
		};
		E5A0390626360F2600488F6C /* AboutView */ = {
			isa = PBXGroup;
			children = (
				E546324E2631CA06007E7F6A /* AboutView.swift */,
				E5A038DE2635E97300488F6C /* AboutView+Section.swift */,
				E5A038E12635E9B300488F6C /* AboutView+Section+Item.swift */,
			);
			path = AboutView;
			sourceTree = "<group>";
		};
		E5A0390726360F3500488F6C /* WebView */ = {
			isa = PBXGroup;
			children = (
				E54632372630CB12007E7F6A /* WebView.swift */,
				E52D631B263D6BD200F41D2E /* WebView+Script.swift */,
				E5A0390826360F4900488F6C /* WebView+ViewModel.swift */,
			);
			path = WebView;
			sourceTree = "<group>";
		};
		E5A039202637042500488F6C /* Styles */ = {
			isa = PBXGroup;
			children = (
				E5A039212637042E00488F6C /* AnyButtonStyle.swift */,
				E5A0392626370DBA00488F6C /* GradientButtonStyle.swift */,
			);
			path = Styles;
			sourceTree = "<group>";
		};
		E5A039D42639CF6C00488F6C /* Network */ = {
			isa = PBXGroup;
			children = (
				E5A03A5E263C34A200488F6C /* WebEndpoint.swift */,
				E5A039D52639CF7B00488F6C /* WebResource.swift */,
			);
			path = Network;
			sourceTree = "<group>";
		};
/* End PBXGroup section */

/* Begin PBXNativeTarget section */
		607FACE41AFB9204008FA782 /* PhantomKit_Tests */ = {
			isa = PBXNativeTarget;
			buildConfigurationList = 607FACF21AFB9204008FA782 /* Build configuration list for PBXNativeTarget "PhantomKit_Tests" */;
			buildPhases = (
				95C3B1EFA29775B0A5CD91C9 /* [CP] Check Pods Manifest.lock */,
				607FACE11AFB9204008FA782 /* Sources */,
				607FACE21AFB9204008FA782 /* Frameworks */,
				607FACE31AFB9204008FA782 /* Resources */,
				B3514E2DEB136CDD11AAA6FD /* [CP] Embed Pods Frameworks */,
			);
			buildRules = (
			);
			dependencies = (
			);
			name = PhantomKit_Tests;
			productName = Tests;
			productReference = 607FACE51AFB9204008FA782 /* PhantomKit_Tests.xctest */;
			productType = "com.apple.product-type.bundle.unit-test";
		};
/* End PBXNativeTarget section */

/* Begin PBXProject section */
		607FACC81AFB9204008FA782 /* Project object */ = {
			isa = PBXProject;
			attributes = {
				LastSwiftUpdateCheck = 0830;
				LastUpgradeCheck = 1240;
				ORGANIZATIONNAME = "Pawel Wiszenko";
				TargetAttributes = {
					607FACE41AFB9204008FA782 = {
						CreatedOnToolsVersion = 6.3.1;
						LastSwiftMigration = 0900;
						TestTargetID = 607FACCF1AFB9204008FA782;
					};
				};
			};
			buildConfigurationList = 607FACCB1AFB9204008FA782 /* Build configuration list for PBXProject "PhantomKit" */;
			compatibilityVersion = "Xcode 3.2";
			developmentRegion = en;
			hasScannedForEncodings = 0;
			knownRegions = (
				en,
				Base,
			);
			mainGroup = 607FACC71AFB9204008FA782;
			productRefGroup = 607FACD11AFB9204008FA782 /* Products */;
			projectDirPath = "";
			projectRoot = "";
			targets = (
				607FACE41AFB9204008FA782 /* PhantomKit_Tests */,
			);
		};
/* End PBXProject section */

/* Begin PBXResourcesBuildPhase section */
		607FACE31AFB9204008FA782 /* Resources */ = {
			isa = PBXResourcesBuildPhase;
			buildActionMask = 2147483647;
			files = (
			);
			runOnlyForDeploymentPostprocessing = 0;
		};
/* End PBXResourcesBuildPhase section */

/* Begin PBXShellScriptBuildPhase section */
		95C3B1EFA29775B0A5CD91C9 /* [CP] Check Pods Manifest.lock */ = {
			isa = PBXShellScriptBuildPhase;
			buildActionMask = 2147483647;
			files = (
			);
			inputFileListPaths = (
			);
			inputPaths = (
				"${PODS_PODFILE_DIR_PATH}/Podfile.lock",
				"${PODS_ROOT}/Manifest.lock",
			);
			name = "[CP] Check Pods Manifest.lock";
			outputFileListPaths = (
			);
			outputPaths = (
				"$(DERIVED_FILE_DIR)/Pods-PhantomKit_Tests-checkManifestLockResult.txt",
			);
			runOnlyForDeploymentPostprocessing = 0;
			shellPath = /bin/sh;
			shellScript = "diff \"${PODS_PODFILE_DIR_PATH}/Podfile.lock\" \"${PODS_ROOT}/Manifest.lock\" > /dev/null\nif [ $? != 0 ] ; then\n    # print error to STDERR\n    echo \"error: The sandbox is not in sync with the Podfile.lock. Run 'pod install' or update your CocoaPods installation.\" >&2\n    exit 1\nfi\n# This output is used by Xcode 'outputs' to avoid re-running this script phase.\necho \"SUCCESS\" > \"${SCRIPT_OUTPUT_FILE_0}\"\n";
			showEnvVarsInLog = 0;
		};
		B3514E2DEB136CDD11AAA6FD /* [CP] Embed Pods Frameworks */ = {
			isa = PBXShellScriptBuildPhase;
			buildActionMask = 2147483647;
			files = (
			);
			inputPaths = (
				"${PODS_ROOT}/Target Support Files/Pods-PhantomKit_Tests/Pods-PhantomKit_Tests-frameworks.sh",
				"${BUILT_PRODUCTS_DIR}/SDWebImage/SDWebImage.framework",
				"${BUILT_PRODUCTS_DIR}/Xcore/Xcore.framework",
			);
			name = "[CP] Embed Pods Frameworks";
			outputPaths = (
				"${TARGET_BUILD_DIR}/${FRAMEWORKS_FOLDER_PATH}/SDWebImage.framework",
				"${TARGET_BUILD_DIR}/${FRAMEWORKS_FOLDER_PATH}/Xcore.framework",
			);
			runOnlyForDeploymentPostprocessing = 0;
			shellPath = /bin/sh;
			shellScript = "\"${PODS_ROOT}/Target Support Files/Pods-PhantomKit_Tests/Pods-PhantomKit_Tests-frameworks.sh\"\n";
			showEnvVarsInLog = 0;
		};
/* End PBXShellScriptBuildPhase section */

/* Begin PBXSourcesBuildPhase section */
		607FACE11AFB9204008FA782 /* Sources */ = {
			isa = PBXSourcesBuildPhase;
			buildActionMask = 2147483647;
			files = (
				E52D631C263D6BD200F41D2E /* WebView+Script.swift in Sources */,
				E5A0390026360E4E00488F6C /* PresentationMethod.swift in Sources */,
				E5A038FC26360E3100488F6C /* View+Presentation.swift in Sources */,
				E5A039222637042E00488F6C /* AnyButtonStyle.swift in Sources */,
				E54631FE2630B24B007E7F6A /* View+Ext.swift in Sources */,
				E5463295263209B4007E7F6A /* Router+Ext.swift in Sources */,
				E5A03A23263B60E500488F6C /* View+Action.swift in Sources */,
				E5A038A62634296F00488F6C /* BaseHostingController.swift in Sources */,
				E5A03951263750C300488F6C /* Constants.swift in Sources */,
				E5A0390926360F4900488F6C /* WebView+ViewModel.swift in Sources */,
				E5A03A5F263C34A200488F6C /* WebEndpoint.swift in Sources */,
				E5A039CB2639C3EA00488F6C /* SimpleLabel.swift in Sources */,
				E5A0394E26374E1200488F6C /* ExtendedLabel.swift in Sources */,
				E546324F2631CA06007E7F6A /* AboutView.swift in Sources */,
				E5A0391E263703FB00488F6C /* PresentationModifier.swift in Sources */,
				E54632292630C2C2007E7F6A /* Array+Ext.swift in Sources */,
				E5A0393D26373AE100488F6C /* StoreKit+Ext.swift in Sources */,
				E54632582631CC51007E7F6A /* Calendar+Ext.swift in Sources */,
				E5A039E42639DF8C00488F6C /* AnimatableFrameHeight.swift in Sources */,
				E5A038E22635E9B300488F6C /* AboutView+Section+Item.swift in Sources */,
				E5A03A19263B5E8900488F6C /* View+Helpers.swift in Sources */,
				E5A0389F263428E900488F6C /* BaseHostingView.swift in Sources */,
				E5A038DF2635E97300488F6C /* AboutView+Section.swift in Sources */,
				E54632312630C5AF007E7F6A /* Set+Ext.swift in Sources */,
				E54632382630CB12007E7F6A /* WebView.swift in Sources */,
				E5A03A51263C2E8500488F6C /* URL+Ext.swift in Sources */,
				E5A038D92635A69500488F6C /* View+Route.swift in Sources */,
				E5A0399F26394F7100488F6C /* Theme+Ext.swift in Sources */,
				E5A0388C2634014200488F6C /* Router+Route+Method.swift in Sources */,
				E5A0398A2638A01300488F6C /* Color+Colorful.swift in Sources */,
				E5A039D62639CF7B00488F6C /* WebResource.swift in Sources */,
				E54631F92630B244007E7F6A /* PhantomKit.swift in Sources */,
				E5A0392726370DBA00488F6C /* GradientButtonStyle.swift in Sources */,
				607FACEC1AFB9204008FA782 /* Tests.swift in Sources */,
			);
			runOnlyForDeploymentPostprocessing = 0;
		};
/* End PBXSourcesBuildPhase section */

/* Begin XCBuildConfiguration section */
		607FACED1AFB9204008FA782 /* Debug */ = {
			isa = XCBuildConfiguration;
			buildSettings = {
				ALWAYS_SEARCH_USER_PATHS = NO;
				CLANG_ANALYZER_LOCALIZABILITY_NONLOCALIZED = YES;
				CLANG_CXX_LANGUAGE_STANDARD = "gnu++0x";
				CLANG_CXX_LIBRARY = "libc++";
				CLANG_ENABLE_MODULES = YES;
				CLANG_ENABLE_OBJC_ARC = YES;
				CLANG_WARN_BLOCK_CAPTURE_AUTORELEASING = YES;
				CLANG_WARN_BOOL_CONVERSION = YES;
				CLANG_WARN_COMMA = YES;
				CLANG_WARN_CONSTANT_CONVERSION = YES;
				CLANG_WARN_DEPRECATED_OBJC_IMPLEMENTATIONS = YES;
				CLANG_WARN_DIRECT_OBJC_ISA_USAGE = YES_ERROR;
				CLANG_WARN_EMPTY_BODY = YES;
				CLANG_WARN_ENUM_CONVERSION = YES;
				CLANG_WARN_INFINITE_RECURSION = YES;
				CLANG_WARN_INT_CONVERSION = YES;
				CLANG_WARN_NON_LITERAL_NULL_CONVERSION = YES;
				CLANG_WARN_OBJC_IMPLICIT_RETAIN_SELF = YES;
				CLANG_WARN_OBJC_LITERAL_CONVERSION = YES;
				CLANG_WARN_OBJC_ROOT_CLASS = YES_ERROR;
				CLANG_WARN_QUOTED_INCLUDE_IN_FRAMEWORK_HEADER = YES;
				CLANG_WARN_RANGE_LOOP_ANALYSIS = YES;
				CLANG_WARN_STRICT_PROTOTYPES = YES;
				CLANG_WARN_SUSPICIOUS_MOVE = YES;
				CLANG_WARN_UNREACHABLE_CODE = YES;
				CLANG_WARN__DUPLICATE_METHOD_MATCH = YES;
				"CODE_SIGN_IDENTITY[sdk=iphoneos*]" = "iPhone Developer";
				COPY_PHASE_STRIP = NO;
				DEBUG_INFORMATION_FORMAT = "dwarf-with-dsym";
				ENABLE_STRICT_OBJC_MSGSEND = YES;
				ENABLE_TESTABILITY = YES;
				GCC_C_LANGUAGE_STANDARD = gnu99;
				GCC_DYNAMIC_NO_PIC = NO;
				GCC_NO_COMMON_BLOCKS = YES;
				GCC_OPTIMIZATION_LEVEL = 0;
				GCC_PREPROCESSOR_DEFINITIONS = (
					"DEBUG=1",
					"$(inherited)",
				);
				GCC_SYMBOLS_PRIVATE_EXTERN = NO;
				GCC_WARN_64_TO_32_BIT_CONVERSION = YES;
				GCC_WARN_ABOUT_RETURN_TYPE = YES_ERROR;
				GCC_WARN_UNDECLARED_SELECTOR = YES;
				GCC_WARN_UNINITIALIZED_AUTOS = YES_AGGRESSIVE;
				GCC_WARN_UNUSED_FUNCTION = YES;
				GCC_WARN_UNUSED_VARIABLE = YES;
				IPHONEOS_DEPLOYMENT_TARGET = 14.1;
				MTL_ENABLE_DEBUG_INFO = YES;
				ONLY_ACTIVE_ARCH = YES;
				SDKROOT = iphoneos;
				SWIFT_OPTIMIZATION_LEVEL = "-Onone";
				SWIFT_VERSION = 5.0;
			};
			name = Debug;
		};
		607FACEE1AFB9204008FA782 /* Release */ = {
			isa = XCBuildConfiguration;
			buildSettings = {
				ALWAYS_SEARCH_USER_PATHS = NO;
				CLANG_ANALYZER_LOCALIZABILITY_NONLOCALIZED = YES;
				CLANG_CXX_LANGUAGE_STANDARD = "gnu++0x";
				CLANG_CXX_LIBRARY = "libc++";
				CLANG_ENABLE_MODULES = YES;
				CLANG_ENABLE_OBJC_ARC = YES;
				CLANG_WARN_BLOCK_CAPTURE_AUTORELEASING = YES;
				CLANG_WARN_BOOL_CONVERSION = YES;
				CLANG_WARN_COMMA = YES;
				CLANG_WARN_CONSTANT_CONVERSION = YES;
				CLANG_WARN_DEPRECATED_OBJC_IMPLEMENTATIONS = YES;
				CLANG_WARN_DIRECT_OBJC_ISA_USAGE = YES_ERROR;
				CLANG_WARN_EMPTY_BODY = YES;
				CLANG_WARN_ENUM_CONVERSION = YES;
				CLANG_WARN_INFINITE_RECURSION = YES;
				CLANG_WARN_INT_CONVERSION = YES;
				CLANG_WARN_NON_LITERAL_NULL_CONVERSION = YES;
				CLANG_WARN_OBJC_IMPLICIT_RETAIN_SELF = YES;
				CLANG_WARN_OBJC_LITERAL_CONVERSION = YES;
				CLANG_WARN_OBJC_ROOT_CLASS = YES_ERROR;
				CLANG_WARN_QUOTED_INCLUDE_IN_FRAMEWORK_HEADER = YES;
				CLANG_WARN_RANGE_LOOP_ANALYSIS = YES;
				CLANG_WARN_STRICT_PROTOTYPES = YES;
				CLANG_WARN_SUSPICIOUS_MOVE = YES;
				CLANG_WARN_UNREACHABLE_CODE = YES;
				CLANG_WARN__DUPLICATE_METHOD_MATCH = YES;
				"CODE_SIGN_IDENTITY[sdk=iphoneos*]" = "iPhone Developer";
				COPY_PHASE_STRIP = NO;
				DEBUG_INFORMATION_FORMAT = "dwarf-with-dsym";
				ENABLE_NS_ASSERTIONS = NO;
				ENABLE_STRICT_OBJC_MSGSEND = YES;
				GCC_C_LANGUAGE_STANDARD = gnu99;
				GCC_NO_COMMON_BLOCKS = YES;
				GCC_WARN_64_TO_32_BIT_CONVERSION = YES;
				GCC_WARN_ABOUT_RETURN_TYPE = YES_ERROR;
				GCC_WARN_UNDECLARED_SELECTOR = YES;
				GCC_WARN_UNINITIALIZED_AUTOS = YES_AGGRESSIVE;
				GCC_WARN_UNUSED_FUNCTION = YES;
				GCC_WARN_UNUSED_VARIABLE = YES;
				IPHONEOS_DEPLOYMENT_TARGET = 14.1;
				MTL_ENABLE_DEBUG_INFO = NO;
				SDKROOT = iphoneos;
				SWIFT_OPTIMIZATION_LEVEL = "-Owholemodule";
				SWIFT_VERSION = 5.0;
				VALIDATE_PRODUCT = YES;
			};
			name = Release;
		};
		607FACF31AFB9204008FA782 /* Debug */ = {
			isa = XCBuildConfiguration;
			baseConfigurationReference = 5F41954F7B7B6F2C95B024FA /* Pods-PhantomKit_Tests.debug.xcconfig */;
			buildSettings = {
				FRAMEWORK_SEARCH_PATHS = (
					"$(PLATFORM_DIR)/Developer/Library/Frameworks",
					"$(inherited)",
				);
				GCC_PREPROCESSOR_DEFINITIONS = (
					"DEBUG=1",
					"$(inherited)",
				);
				INFOPLIST_FILE = Tests/Info.plist;
				LD_RUNPATH_SEARCH_PATHS = "$(inherited) @executable_path/Frameworks @loader_path/Frameworks";
				PRODUCT_BUNDLE_IDENTIFIER = "org.cocoapods.$(PRODUCT_NAME:rfc1034identifier)";
				PRODUCT_NAME = "$(TARGET_NAME)";
				SWIFT_SWIFT3_OBJC_INFERENCE = Default;
				SWIFT_VERSION = 5.0;
				TEST_HOST = "$(BUILT_PRODUCTS_DIR)/PhantomKit_Example.app/PhantomKit_Example";
			};
			name = Debug;
		};
		607FACF41AFB9204008FA782 /* Release */ = {
			isa = XCBuildConfiguration;
			baseConfigurationReference = 048555403FBA0E5722452339 /* Pods-PhantomKit_Tests.release.xcconfig */;
			buildSettings = {
				FRAMEWORK_SEARCH_PATHS = (
					"$(PLATFORM_DIR)/Developer/Library/Frameworks",
					"$(inherited)",
				);
				INFOPLIST_FILE = Tests/Info.plist;
				LD_RUNPATH_SEARCH_PATHS = "$(inherited) @executable_path/Frameworks @loader_path/Frameworks";
				PRODUCT_BUNDLE_IDENTIFIER = "org.cocoapods.$(PRODUCT_NAME:rfc1034identifier)";
				PRODUCT_NAME = "$(TARGET_NAME)";
				SWIFT_SWIFT3_OBJC_INFERENCE = Default;
				SWIFT_VERSION = 5.0;
				TEST_HOST = "$(BUILT_PRODUCTS_DIR)/PhantomKit_Example.app/PhantomKit_Example";
			};
			name = Release;
		};
/* End XCBuildConfiguration section */

/* Begin XCConfigurationList section */
		607FACCB1AFB9204008FA782 /* Build configuration list for PBXProject "PhantomKit" */ = {
			isa = XCConfigurationList;
			buildConfigurations = (
				607FACED1AFB9204008FA782 /* Debug */,
				607FACEE1AFB9204008FA782 /* Release */,
			);
			defaultConfigurationIsVisible = 0;
			defaultConfigurationName = Release;
		};
		607FACF21AFB9204008FA782 /* Build configuration list for PBXNativeTarget "PhantomKit_Tests" */ = {
			isa = XCConfigurationList;
			buildConfigurations = (
				607FACF31AFB9204008FA782 /* Debug */,
				607FACF41AFB9204008FA782 /* Release */,
			);
			defaultConfigurationIsVisible = 0;
			defaultConfigurationName = Release;
		};
/* End XCConfigurationList section */
	};
	rootObject = 607FACC81AFB9204008FA782 /* Project object */;
}
